// !$*UTF8*$!
{
	archiveVersion = 1;
	classes = {
	};
	objectVersion = 46;
	objects = {

/* Begin PBXBuildFile section */
		8A447C461CAA5687005D1396 /* main.m in Sources */ = {isa = PBXBuildFile; fileRef = 8A447C451CAA5687005D1396 /* main.m */; };
		8A447C491CAA5687005D1396 /* AppDelegate.m in Sources */ = {isa = PBXBuildFile; fileRef = 8A447C481CAA5687005D1396 /* AppDelegate.m */; };
		8A447C4C1CAA5687005D1396 /* ViewController.m in Sources */ = {isa = PBXBuildFile; fileRef = 8A447C4B1CAA5687005D1396 /* ViewController.m */; };
		8A447C4F1CAA5687005D1396 /* Main.storyboard in Resources */ = {isa = PBXBuildFile; fileRef = 8A447C4D1CAA5687005D1396 /* Main.storyboard */; };
		8A447C511CAA5687005D1396 /* Assets.xcassets in Resources */ = {isa = PBXBuildFile; fileRef = 8A447C501CAA5687005D1396 /* Assets.xcassets */; };
		8A447C541CAA5687005D1396 /* LaunchScreen.storyboard in Resources */ = {isa = PBXBuildFile; fileRef = 8A447C521CAA5687005D1396 /* LaunchScreen.storyboard */; };
		8A447C5F1CAA5688005D1396 /* _2_2_____Tests.m in Sources */ = {isa = PBXBuildFile; fileRef = 8A447C5E1CAA5688005D1396 /* _2_2_____Tests.m */; };
		8A447C6A1CAA5688005D1396 /* _2_2_____UITests.m in Sources */ = {isa = PBXBuildFile; fileRef = 8A447C691CAA5688005D1396 /* _2_2_____UITests.m */; };
		8A447C781CAA5A51005D1396 /* pic.plist in Resources */ = {isa = PBXBuildFile; fileRef = 8A447C771CAA5A51005D1396 /* pic.plist */; };
/* End PBXBuildFile section */

/* Begin PBXContainerItemProxy section */
		8A447C5B1CAA5688005D1396 /* PBXContainerItemProxy */ = {
			isa = PBXContainerItemProxy;
			containerPortal = 8A447C391CAA5687005D1396 /* Project object */;
			proxyType = 1;
			remoteGlobalIDString = 8A447C401CAA5687005D1396;
			remoteInfo = "02-2图片浏览器";
		};
		8A447C661CAA5688005D1396 /* PBXContainerItemProxy */ = {
			isa = PBXContainerItemProxy;
			containerPortal = 8A447C391CAA5687005D1396 /* Project object */;
			proxyType = 1;
			remoteGlobalIDString = 8A447C401CAA5687005D1396;
			remoteInfo = "02-2图片浏览器";
		};
/* End PBXContainerItemProxy section */

/* Begin PBXFileReference section */
		8A447C411CAA5687005D1396 /* 02-2图片浏览器.app */ = {isa = PBXFileReference; explicitFileType = wrapper.application; includeInIndex = 0; path = "02-2图片浏览器.app"; sourceTree = BUILT_PRODUCTS_DIR; };
		8A447C451CAA5687005D1396 /* main.m */ = {isa = PBXFileReference; lastKnownFileType = sourcecode.c.objc; path = main.m; sourceTree = "<group>"; };
		8A447C471CAA5687005D1396 /* AppDelegate.h */ = {isa = PBXFileReference; lastKnownFileType = sourcecode.c.h; path = AppDelegate.h; sourceTree = "<group>"; };
		8A447C481CAA5687005D1396 /* AppDelegate.m */ = {isa = PBXFileReference; lastKnownFileType = sourcecode.c.objc; path = AppDelegate.m; sourceTree = "<group>"; };
		8A447C4A1CAA5687005D1396 /* ViewController.h */ = {isa = PBXFileReference; lastKnownFileType = sourcecode.c.h; path = ViewController.h; sourceTree = "<group>"; };
		8A447C4B1CAA5687005D1396 /* ViewController.m */ = {isa = PBXFileReference; lastKnownFileType = sourcecode.c.objc; path = ViewController.m; sourceTree = "<group>"; };
		8A447C4E1CAA5687005D1396 /* Base */ = {isa = PBXFileReference; lastKnownFileType = file.storyboard; name = Base; path = Base.lproj/Main.storyboard; sourceTree = "<group>"; };
		8A447C501CAA5687005D1396 /* Assets.xcassets */ = {isa = PBXFileReference; lastKnownFileType = folder.assetcatalog; path = Assets.xcassets; sourceTree = "<group>"; };
		8A447C531CAA5687005D1396 /* Base */ = {isa = PBXFileReference; lastKnownFileType = file.storyboard; name = Base; path = Base.lproj/LaunchScreen.storyboard; sourceTree = "<group>"; };
		8A447C551CAA5687005D1396 /* Info.plist */ = {isa = PBXFileReference; lastKnownFileType = text.plist.xml; path = Info.plist; sourceTree = "<group>"; };
		8A447C5A1CAA5688005D1396 /* 02-2图片浏览器Tests.xctest */ = {isa = PBXFileReference; explicitFileType = wrapper.cfbundle; includeInIndex = 0; path = "02-2图片浏览器Tests.xctest"; sourceTree = BUILT_PRODUCTS_DIR; };
		8A447C5E1CAA5688005D1396 /* _2_2_____Tests.m */ = {isa = PBXFileReference; lastKnownFileType = sourcecode.c.objc; path = "_2_2_____Tests.m"; sourceTree = "<group>"; };
		8A447C601CAA5688005D1396 /* Info.plist */ = {isa = PBXFileReference; lastKnownFileType = text.plist.xml; path = Info.plist; sourceTree = "<group>"; };
		8A447C651CAA5688005D1396 /* 02-2图片浏览器UITests.xctest */ = {isa = PBXFileReference; explicitFileType = wrapper.cfbundle; includeInIndex = 0; path = "02-2图片浏览器UITests.xctest"; sourceTree = BUILT_PRODUCTS_DIR; };
		8A447C691CAA5688005D1396 /* _2_2_____UITests.m */ = {isa = PBXFileReference; lastKnownFileType = sourcecode.c.objc; path = "_2_2_____UITests.m"; sourceTree = "<group>"; };
		8A447C6B1CAA5688005D1396 /* Info.plist */ = {isa = PBXFileReference; lastKnownFileType = text.plist.xml; path = Info.plist; sourceTree = "<group>"; };
		8A447C771CAA5A51005D1396 /* pic.plist */ = {isa = PBXFileReference; fileEncoding = 4; lastKnownFileType = text.plist.xml; path = pic.plist; sourceTree = "<group>"; };
/* End PBXFileReference section */

/* Begin PBXFrameworksBuildPhase section */
		8A447C3E1CAA5687005D1396 /* Frameworks */ = {
			isa = PBXFrameworksBuildPhase;
			buildActionMask = 2147483647;
			files = (
			);
			runOnlyForDeploymentPostprocessing = 0;
		};
		8A447C571CAA5688005D1396 /* Frameworks */ = {
			isa = PBXFrameworksBuildPhase;
			buildActionMask = 2147483647;
			files = (
			);
			runOnlyForDeploymentPostprocessing = 0;
		};
		8A447C621CAA5688005D1396 /* Frameworks */ = {
			isa = PBXFrameworksBuildPhase;
			buildActionMask = 2147483647;
			files = (
			);
			runOnlyForDeploymentPostprocessing = 0;
		};
/* End PBXFrameworksBuildPhase section */

/* Begin PBXGroup section */
		8A447C381CAA5687005D1396 = {
			isa = PBXGroup;
			children = (
				8A447C431CAA5687005D1396 /* 02-2图片浏览器 */,
				8A447C5D1CAA5688005D1396 /* 02-2图片浏览器Tests */,
				8A447C681CAA5688005D1396 /* 02-2图片浏览器UITests */,
				8A447C421CAA5687005D1396 /* Products */,
			);
			sourceTree = "<group>";
		};
		8A447C421CAA5687005D1396 /* Products */ = {
			isa = PBXGroup;
			children = (
				8A447C411CAA5687005D1396 /* 02-2图片浏览器.app */,
				8A447C5A1CAA5688005D1396 /* 02-2图片浏览器Tests.xctest */,
				8A447C651CAA5688005D1396 /* 02-2图片浏览器UITests.xctest */,
			);
			name = Products;
			sourceTree = "<group>";
		};
		8A447C431CAA5687005D1396 /* 02-2图片浏览器 */ = {
			isa = PBXGroup;
			children = (
				8A447C471CAA5687005D1396 /* AppDelegate.h */,
				8A447C481CAA5687005D1396 /* AppDelegate.m */,
				8A447C4A1CAA5687005D1396 /* ViewController.h */,
				8A447C4B1CAA5687005D1396 /* ViewController.m */,
				8A447C4D1CAA5687005D1396 /* Main.storyboard */,
				8A447C501CAA5687005D1396 /* Assets.xcassets */,
				8A447C521CAA5687005D1396 /* LaunchScreen.storyboard */,
				8A447C551CAA5687005D1396 /* Info.plist */,
				8A447C441CAA5687005D1396 /* Supporting Files */,
			);
			path = "02-2图片浏览器";
			sourceTree = "<group>";
		};
		8A447C441CAA5687005D1396 /* Supporting Files */ = {
			isa = PBXGroup;
			children = (
				8A447C451CAA5687005D1396 /* main.m */,
				8A447C771CAA5A51005D1396 /* pic.plist */,
			);
			name = "Supporting Files";
			sourceTree = "<group>";
		};
		8A447C5D1CAA5688005D1396 /* 02-2图片浏览器Tests */ = {
			isa = PBXGroup;
			children = (
				8A447C5E1CAA5688005D1396 /* _2_2_____Tests.m */,
				8A447C601CAA5688005D1396 /* Info.plist */,
			);
			path = "02-2图片浏览器Tests";
			sourceTree = "<group>";
		};
		8A447C681CAA5688005D1396 /* 02-2图片浏览器UITests */ = {
			isa = PBXGroup;
			children = (
				8A447C691CAA5688005D1396 /* _2_2_____UITests.m */,
				8A447C6B1CAA5688005D1396 /* Info.plist */,
			);
			path = "02-2图片浏览器UITests";
			sourceTree = "<group>";
		};
/* End PBXGroup section */

/* Begin PBXNativeTarget section */
		8A447C401CAA5687005D1396 /* 02-2图片浏览器 */ = {
			isa = PBXNativeTarget;
			buildConfigurationList = 8A447C6E1CAA5688005D1396 /* Build configuration list for PBXNativeTarget "02-2图片浏览器" */;
			buildPhases = (
				8A447C3D1CAA5687005D1396 /* Sources */,
				8A447C3E1CAA5687005D1396 /* Frameworks */,
				8A447C3F1CAA5687005D1396 /* Resources */,
			);
			buildRules = (
			);
			dependencies = (
			);
			name = "02-2图片浏览器";
			productName = "02-2图片浏览器";
			productReference = 8A447C411CAA5687005D1396 /* 02-2图片浏览器.app */;
			productType = "com.apple.product-type.application";
		};
		8A447C591CAA5688005D1396 /* 02-2图片浏览器Tests */ = {
			isa = PBXNativeTarget;
			buildConfigurationList = 8A447C711CAA5688005D1396 /* Build configuration list for PBXNativeTarget "02-2图片浏览器Tests" */;
			buildPhases = (
				8A447C561CAA5688005D1396 /* Sources */,
				8A447C571CAA5688005D1396 /* Frameworks */,
				8A447C581CAA5688005D1396 /* Resources */,
			);
			buildRules = (
			);
			dependencies = (
				8A447C5C1CAA5688005D1396 /* PBXTargetDependency */,
			);
			name = "02-2图片浏览器Tests";
			productName = "02-2图片浏览器Tests";
			productReference = 8A447C5A1CAA5688005D1396 /* 02-2图片浏览器Tests.xctest */;
			productType = "com.apple.product-type.bundle.unit-test";
		};
		8A447C641CAA5688005D1396 /* 02-2图片浏览器UITests */ = {
			isa = PBXNativeTarget;
			buildConfigurationList = 8A447C741CAA5688005D1396 /* Build configuration list for PBXNativeTarget "02-2图片浏览器UITests" */;
			buildPhases = (
				8A447C611CAA5688005D1396 /* Sources */,
				8A447C621CAA5688005D1396 /* Frameworks */,
				8A447C631CAA5688005D1396 /* Resources */,
			);
			buildRules = (
			);
			dependencies = (
				8A447C671CAA5688005D1396 /* PBXTargetDependency */,
			);
			name = "02-2图片浏览器UITests";
			productName = "02-2图片浏览器UITests";
			productReference = 8A447C651CAA5688005D1396 /* 02-2图片浏览器UITests.xctest */;
			productType = "com.apple.product-type.bundle.ui-testing";
		};
/* End PBXNativeTarget section */

/* Begin PBXProject section */
		8A447C391CAA5687005D1396 /* Project object */ = {
			isa = PBXProject;
			attributes = {
				LastUpgradeCheck = 0710;
				ORGANIZATIONNAME = lzj;
				TargetAttributes = {
					8A447C401CAA5687005D1396 = {
						CreatedOnToolsVersion = 7.1;
					};
					8A447C591CAA5688005D1396 = {
						CreatedOnToolsVersion = 7.1;
						TestTargetID = 8A447C401CAA5687005D1396;
					};
					8A447C641CAA5688005D1396 = {
						CreatedOnToolsVersion = 7.1;
						TestTargetID = 8A447C401CAA5687005D1396;
					};
				};
			};
			buildConfigurationList = 8A447C3C1CAA5687005D1396 /* Build configuration list for PBXProject "02-2图片浏览器" */;
			compatibilityVersion = "Xcode 3.2";
			developmentRegion = English;
			hasScannedForEncodings = 0;
			knownRegions = (
				en,
				Base,
			);
			mainGroup = 8A447C381CAA5687005D1396;
			productRefGroup = 8A447C421CAA5687005D1396 /* Products */;
			projectDirPath = "";
			projectRoot = "";
			targets = (
				8A447C401CAA5687005D1396 /* 02-2图片浏览器 */,
				8A447C591CAA5688005D1396 /* 02-2图片浏览器Tests */,
				8A447C641CAA5688005D1396 /* 02-2图片浏览器UITests */,
			);
		};
/* End PBXProject section */

/* Begin PBXResourcesBuildPhase section */
		8A447C3F1CAA5687005D1396 /* Resources */ = {
			isa = PBXResourcesBuildPhase;
			buildActionMask = 2147483647;
			files = (
				8A447C541CAA5687005D1396 /* LaunchScreen.storyboard in Resources */,
				8A447C511CAA5687005D1396 /* Assets.xcassets in Resources */,
				8A447C4F1CAA5687005D1396 /* Main.storyboard in Resources */,
				8A447C781CAA5A51005D1396 /* pic.plist in Resources */,
			);
			runOnlyForDeploymentPostprocessing = 0;
		};
		8A447C581CAA5688005D1396 /* Resources */ = {
			isa = PBXResourcesBuildPhase;
			buildActionMask = 2147483647;
			files = (
			);
			runOnlyForDeploymentPostprocessing = 0;
		};
		8A447C631CAA5688005D1396 /* Resources */ = {
			isa = PBXResourcesBuildPhase;
			buildActionMask = 2147483647;
			files = (
			);
			runOnlyForDeploymentPostprocessing = 0;
		};
/* End PBXResourcesBuildPhase section */

/* Begin PBXSourcesBuildPhase section */
		8A447C3D1CAA5687005D1396 /* Sources */ = {
			isa = PBXSourcesBuildPhase;
			buildActionMask = 2147483647;
			files = (
				8A447C4C1CAA5687005D1396 /* ViewController.m in Sources */,
				8A447C491CAA5687005D1396 /* AppDelegate.m in Sources */,
				8A447C461CAA5687005D1396 /* main.m in Sources */,
			);
			runOnlyForDeploymentPostprocessing = 0;
		};
		8A447C561CAA5688005D1396 /* Sources */ = {
			isa = PBXSourcesBuildPhase;
			buildActionMask = 2147483647;
			files = (
				8A447C5F1CAA5688005D1396 /* _2_2_____Tests.m in Sources */,
			);
			runOnlyForDeploymentPostprocessing = 0;
		};
		8A447C611CAA5688005D1396 /* Sources */ = {
			isa = PBXSourcesBuildPhase;
			buildActionMask = 2147483647;
			files = (
				8A447C6A1CAA5688005D1396 /* _2_2_____UITests.m in Sources */,
			);
			runOnlyForDeploymentPostprocessing = 0;
		};
/* End PBXSourcesBuildPhase section */

/* Begin PBXTargetDependency section */
		8A447C5C1CAA5688005D1396 /* PBXTargetDependency */ = {
			isa = PBXTargetDependency;
			target = 8A447C401CAA5687005D1396 /* 02-2图片浏览器 */;
			targetProxy = 8A447C5B1CAA5688005D1396 /* PBXContainerItemProxy */;
		};
		8A447C671CAA5688005D1396 /* PBXTargetDependency */ = {
			isa = PBXTargetDependency;
			target = 8A447C401CAA5687005D1396 /* 02-2图片浏览器 */;
			targetProxy = 8A447C661CAA5688005D1396 /* PBXContainerItemProxy */;
		};
/* End PBXTargetDependency section */

/* Begin PBXVariantGroup section */
		8A447C4D1CAA5687005D1396 /* Main.storyboard */ = {
			isa = PBXVariantGroup;
			children = (
				8A447C4E1CAA5687005D1396 /* Base */,
			);
			name = Main.storyboard;
			sourceTree = "<group>";
		};
		8A447C521CAA5687005D1396 /* LaunchScreen.storyboard */ = {
			isa = PBXVariantGroup;
			children = (
				8A447C531CAA5687005D1396 /* Base */,
			);
			name = LaunchScreen.storyboard;
			sourceTree = "<group>";
		};
/* End PBXVariantGroup section */

/* Begin XCBuildConfiguration section */
		8A447C6C1CAA5688005D1396 /* Debug */ = {
			isa = XCBuildConfiguration;
			buildSettings = {
				ALWAYS_SEARCH_USER_PATHS = NO;
				CLANG_CXX_LANGUAGE_STANDARD = "gnu++0x";
				CLANG_CXX_LIBRARY = "libc++";
				CLANG_ENABLE_MODULES = YES;
				CLANG_ENABLE_OBJC_ARC = YES;
				CLANG_WARN_BOOL_CONVERSION = YES;
				CLANG_WARN_CONSTANT_CONVERSION = YES;
				CLANG_WARN_DIRECT_OBJC_ISA_USAGE = YES_ERROR;
				CLANG_WARN_EMPTY_BODY = YES;
				CLANG_WARN_ENUM_CONVERSION = YES;
				CLANG_WARN_INT_CONVERSION = YES;
				CLANG_WARN_OBJC_ROOT_CLASS = YES_ERROR;
				CLANG_WARN_UNREACHABLE_CODE = YES;
				CLANG_WARN__DUPLICATE_METHOD_MATCH = YES;
				"CODE_SIGN_IDENTITY[sdk=iphoneos*]" = "iPhone Developer";
				COPY_PHASE_STRIP = NO;
				DEBUG_INFORMATION_FORMAT = dwarf;
				ENABLE_STRICT_OBJC_MSGSEND = YES;
				ENABLE_TESTABILITY = YES;
				GCC_C_LANGUAGE_STANDARD = gnu99;
				GCC_DYNAMIC_NO_PIC = NO;
				GCC_NO_COMMON_BLOCKS = YES;
				GCC_OPTIMIZATION_LEVEL = 0;
				GCC_PREPROCESSOR_DEFINITIONS = (
					"DEBUG=1",
					"$(inherited)",
				);
				GCC_WARN_64_TO_32_BIT_CONVERSION = YES;
				GCC_WARN_ABOUT_RETURN_TYPE = YES_ERROR;
				GCC_WARN_UNDECLARED_SELECTOR = YES;
				GCC_WARN_UNINITIALIZED_AUTOS = YES_AGGRESSIVE;
				GCC_WARN_UNUSED_FUNCTION = YES;
				GCC_WARN_UNUSED_VARIABLE = YES;
				IPHONEOS_DEPLOYMENT_TARGET = 9.1;
				MTL_ENABLE_DEBUG_INFO = YES;
				ONLY_ACTIVE_ARCH = YES;
				SDKROOT = iphoneos;
				TARGETED_DEVICE_FAMILY = "1,2";
			};
			name = Debug;
		};
		8A447C6D1CAA5688005D1396 /* Release */ = {
			isa = XCBuildConfiguration;
			buildSettings = {
				ALWAYS_SEARCH_USER_PATHS = NO;
				CLANG_CXX_LANGUAGE_STANDARD = "gnu++0x";
				CLANG_CXX_LIBRARY = "libc++";
				CLANG_ENABLE_MODULES = YES;
				CLANG_ENABLE_OBJC_ARC = YES;
				CLANG_WARN_BOOL_CONVERSION = YES;
				CLANG_WARN_CONSTANT_CONVERSION = YES;
				CLANG_WARN_DIRECT_OBJC_ISA_USAGE = YES_ERROR;
				CLANG_WARN_EMPTY_BODY = YES;
				CLANG_WARN_ENUM_CONVERSION = YES;
				CLANG_WARN_INT_CONVERSION = YES;
				CLANG_WARN_OBJC_ROOT_CLASS = YES_ERROR;
				CLANG_WARN_UNREACHABLE_CODE = YES;
				CLANG_WARN__DUPLICATE_METHOD_MATCH = YES;
				"CODE_SIGN_IDENTITY[sdk=iphoneos*]" = "iPhone Developer";
				COPY_PHASE_STRIP = NO;
				DEBUG_INFORMATION_FORMAT = "dwarf-with-dsym";
				ENABLE_NS_ASSERTIONS = NO;
				ENABLE_STRICT_OBJC_MSGSEND = YES;
				GCC_C_LANGUAGE_STANDARD = gnu99;
				GCC_NO_COMMON_BLOCKS = YES;
				GCC_WARN_64_TO_32_BIT_CONVERSION = YES;
				GCC_WARN_ABOUT_RETURN_TYPE = YES_ERROR;
				GCC_WARN_UNDECLARED_SELECTOR = YES;
				GCC_WARN_UNINITIALIZED_AUTOS = YES_AGGRESSIVE;
				GCC_WARN_UNUSED_FUNCTION = YES;
				GCC_WARN_UNUSED_VARIABLE = YES;
				IPHONEOS_DEPLOYMENT_TARGET = 9.1;
				MTL_ENABLE_DEBUG_INFO = NO;
				SDKROOT = iphoneos;
				TARGETED_DEVICE_FAMILY = "1,2";
				VALIDATE_PRODUCT = YES;
			};
			name = Release;
		};
		8A447C6F1CAA5688005D1396 /* Debug */ = {
			isa = XCBuildConfiguration;
			buildSettings = {
				ASSETCATALOG_COMPILER_APPICON_NAME = AppIcon;
				INFOPLIST_FILE = "02-2图片浏览器/Info.plist";
				LD_RUNPATH_SEARCH_PATHS = "$(inherited) @executable_path/Frameworks";
				PRODUCT_BUNDLE_IDENTIFIER = "com.lzj.-2-2-----";
				PRODUCT_NAME = "$(TARGET_NAME)";
			};
			name = Debug;
		};
		8A447C701CAA5688005D1396 /* Release */ = {
			isa = XCBuildConfiguration;
			buildSettings = {
				ASSETCATALOG_COMPILER_APPICON_NAME = AppIcon;
				INFOPLIST_FILE = "02-2图片浏览器/Info.plist";
				LD_RUNPATH_SEARCH_PATHS = "$(inherited) @executable_path/Frameworks";
				PRODUCT_BUNDLE_IDENTIFIER = "com.lzj.-2-2-----";
				PRODUCT_NAME = "$(TARGET_NAME)";
			};
			name = Release;
		};
		8A447C721CAA5688005D1396 /* Debug */ = {
			isa = XCBuildConfiguration;
			buildSettings = {
				BUNDLE_LOADER = "$(TEST_HOST)";
				INFOPLIST_FILE = "02-2图片浏览器Tests/Info.plist";
				LD_RUNPATH_SEARCH_PATHS = "$(inherited) @executable_path/Frameworks @loader_path/Frameworks";
				PRODUCT_BUNDLE_IDENTIFIER = "com.lzj.-2-2-----Tests";
				PRODUCT_NAME = "$(TARGET_NAME)";
				TEST_HOST = "$(BUILT_PRODUCTS_DIR)/02-2图片浏览器.app/02-2图片浏览器";
			};
			name = Debug;
		};
		8A447C731CAA5688005D1396 /* Release */ = {
			isa = XCBuildConfiguration;
			buildSettings = {
				BUNDLE_LOADER = "$(TEST_HOST)";
				INFOPLIST_FILE = "02-2图片浏览器Tests/Info.plist";
				LD_RUNPATH_SEARCH_PATHS = "$(inherited) @executable_path/Frameworks @loader_path/Frameworks";
				PRODUCT_BUNDLE_IDENTIFIER = "com.lzj.-2-2-----Tests";
				PRODUCT_NAME = "$(TARGET_NAME)";
				TEST_HOST = "$(BUILT_PRODUCTS_DIR)/02-2图片浏览器.app/02-2图片浏览器";
			};
			name = Release;
		};
		8A447C751CAA5688005D1396 /* Debug */ = {
			isa = XCBuildConfiguration;
			buildSettings = {
				INFOPLIST_FILE = "02-2图片浏览器UITests/Info.plist";
				LD_RUNPATH_SEARCH_PATHS = "$(inherited) @executable_path/Frameworks @loader_path/Frameworks";
				PRODUCT_BUNDLE_IDENTIFIER = "com.lzj.-2-2-----UITests";
				PRODUCT_NAME = "$(TARGET_NAME)";
				TEST_TARGET_NAME = "02-2图片浏览器";
				USES_XCTRUNNER = YES;
			};
			name = Debug;
		};
		8A447C761CAA5688005D1396 /* Release */ = {
			isa = XCBuildConfiguration;
			buildSettings = {
				INFOPLIST_FILE = "02-2图片浏览器UITests/Info.plist";
				LD_RUNPATH_SEARCH_PATHS = "$(inherited) @executable_path/Frameworks @loader_path/Frameworks";
				PRODUCT_BUNDLE_IDENTIFIER = "com.lzj.-2-2-----UITests";
				PRODUCT_NAME = "$(TARGET_NAME)";
				TEST_TARGET_NAME = "02-2图片浏览器";
				USES_XCTRUNNER = YES;
			};
			name = Release;
		};
/* End XCBuildConfiguration section */

/* Begin XCConfigurationList section */
		8A447C3C1CAA5687005D1396 /* Build configuration list for PBXProject "02-2图片浏览器" */ = {
			isa = XCConfigurationList;
			buildConfigurations = (
				8A447C6C1CAA5688005D1396 /* Debug */,
				8A447C6D1CAA5688005D1396 /* Release */,
			);
			defaultConfigurationIsVisible = 0;
			defaultConfigurationName = Release;
		};
		8A447C6E1CAA5688005D1396 /* Build configuration list for PBXNativeTarget "02-2图片浏览器" */ = {
			isa = XCConfigurationList;
			buildConfigurations = (
				8A447C6F1CAA5688005D1396 /* Debug */,
				8A447C701CAA5688005D1396 /* Release */,
			);
			defaultConfigurationIsVisible = 0;
		};
		8A447C711CAA5688005D1396 /* Build configuration list for PBXNativeTarget "02-2图片浏览器Tests" */ = {
			isa = XCConfigurationList;
			buildConfigurations = (
				8A447C721CAA5688005D1396 /* Debug */,
				8A447C731CAA5688005D1396 /* Release */,
			);
			defaultConfigurationIsVisible = 0;
		};
		8A447C741CAA5688005D1396 /* Build configuration list for PBXNativeTarget "02-2图片浏览器UITests" */ = {
			isa = XCConfigurationList;
			buildConfigurations = (
				8A447C751CAA5688005D1396 /* Debug */,
				8A447C761CAA5688005D1396 /* Release */,
			);
			defaultConfigurationIsVisible = 0;
		};
/* End XCConfigurationList section */
	};
	rootObject = 8A447C391CAA5687005D1396 /* Project object */;
}
