// !$*UTF8*$!
{
	archiveVersion = 1;
	classes = {
	};
	objectVersion = 46;
	objects = {

/* Begin PBXBuildFile section */
		8AD27B3D1D3665A000B87595 /* main.m in Sources */ = {isa = PBXBuildFile; fileRef = 8AD27B3C1D3665A000B87595 /* main.m */; };
		8AD27B401D3665A000B87595 /* AppDelegate.m in Sources */ = {isa = PBXBuildFile; fileRef = 8AD27B3F1D3665A000B87595 /* AppDelegate.m */; };
		8AD27B431D3665A000B87595 /* ViewController.m in Sources */ = {isa = PBXBuildFile; fileRef = 8AD27B421D3665A000B87595 /* ViewController.m */; };
		8AD27B461D3665A000B87595 /* Main.storyboard in Resources */ = {isa = PBXBuildFile; fileRef = 8AD27B441D3665A000B87595 /* Main.storyboard */; };
		8AD27B481D3665A000B87595 /* Assets.xcassets in Resources */ = {isa = PBXBuildFile; fileRef = 8AD27B471D3665A000B87595 /* Assets.xcassets */; };
		8AD27B4B1D3665A000B87595 /* LaunchScreen.storyboard in Resources */ = {isa = PBXBuildFile; fileRef = 8AD27B491D3665A000B87595 /* LaunchScreen.storyboard */; };
		8AD27B561D3665A000B87595 /* __3_______Tests.m in Sources */ = {isa = PBXBuildFile; fileRef = 8AD27B551D3665A000B87595 /* __3_______Tests.m */; };
		8AD27B611D3665A000B87595 /* __3_______UITests.m in Sources */ = {isa = PBXBuildFile; fileRef = 8AD27B601D3665A000B87595 /* __3_______UITests.m */; };
		8AD27B6F1D36664E00B87595 /* car_simple.plist in Resources */ = {isa = PBXBuildFile; fileRef = 8AD27B6E1D36664E00B87595 /* car_simple.plist */; };
		8AD27B721D36682900B87595 /* Group.m in Sources */ = {isa = PBXBuildFile; fileRef = 8AD27B711D36682900B87595 /* Group.m */; };
/* End PBXBuildFile section */

/* Begin PBXContainerItemProxy section */
		8AD27B521D3665A000B87595 /* PBXContainerItemProxy */ = {
			isa = PBXContainerItemProxy;
			containerPortal = 8AD27B301D3665A000B87595 /* Project object */;
			proxyType = 1;
			remoteGlobalIDString = 8AD27B371D3665A000B87595;
			remoteInfo = "6.3-汽车品牌展示";
		};
		8AD27B5D1D3665A000B87595 /* PBXContainerItemProxy */ = {
			isa = PBXContainerItemProxy;
			containerPortal = 8AD27B301D3665A000B87595 /* Project object */;
			proxyType = 1;
			remoteGlobalIDString = 8AD27B371D3665A000B87595;
			remoteInfo = "6.3-汽车品牌展示";
		};
/* End PBXContainerItemProxy section */

/* Begin PBXFileReference section */
		8AD27B381D3665A000B87595 /* 6.3-汽车品牌展示.app */ = {isa = PBXFileReference; explicitFileType = wrapper.application; includeInIndex = 0; path = "6.3-汽车品牌展示.app"; sourceTree = BUILT_PRODUCTS_DIR; };
		8AD27B3C1D3665A000B87595 /* main.m */ = {isa = PBXFileReference; lastKnownFileType = sourcecode.c.objc; path = main.m; sourceTree = "<group>"; };
		8AD27B3E1D3665A000B87595 /* AppDelegate.h */ = {isa = PBXFileReference; lastKnownFileType = sourcecode.c.h; path = AppDelegate.h; sourceTree = "<group>"; };
		8AD27B3F1D3665A000B87595 /* AppDelegate.m */ = {isa = PBXFileReference; lastKnownFileType = sourcecode.c.objc; path = AppDelegate.m; sourceTree = "<group>"; };
		8AD27B411D3665A000B87595 /* ViewController.h */ = {isa = PBXFileReference; lastKnownFileType = sourcecode.c.h; path = ViewController.h; sourceTree = "<group>"; };
		8AD27B421D3665A000B87595 /* ViewController.m */ = {isa = PBXFileReference; lastKnownFileType = sourcecode.c.objc; path = ViewController.m; sourceTree = "<group>"; };
		8AD27B451D3665A000B87595 /* Base */ = {isa = PBXFileReference; lastKnownFileType = file.storyboard; name = Base; path = Base.lproj/Main.storyboard; sourceTree = "<group>"; };
		8AD27B471D3665A000B87595 /* Assets.xcassets */ = {isa = PBXFileReference; lastKnownFileType = folder.assetcatalog; path = Assets.xcassets; sourceTree = "<group>"; };
		8AD27B4A1D3665A000B87595 /* Base */ = {isa = PBXFileReference; lastKnownFileType = file.storyboard; name = Base; path = Base.lproj/LaunchScreen.storyboard; sourceTree = "<group>"; };
		8AD27B4C1D3665A000B87595 /* Info.plist */ = {isa = PBXFileReference; lastKnownFileType = text.plist.xml; path = Info.plist; sourceTree = "<group>"; };
		8AD27B511D3665A000B87595 /* 6.3-汽车品牌展示Tests.xctest */ = {isa = PBXFileReference; explicitFileType = wrapper.cfbundle; includeInIndex = 0; path = "6.3-汽车品牌展示Tests.xctest"; sourceTree = BUILT_PRODUCTS_DIR; };
		8AD27B551D3665A000B87595 /* __3_______Tests.m */ = {isa = PBXFileReference; lastKnownFileType = sourcecode.c.objc; path = "__3_______Tests.m"; sourceTree = "<group>"; };
		8AD27B571D3665A000B87595 /* Info.plist */ = {isa = PBXFileReference; lastKnownFileType = text.plist.xml; path = Info.plist; sourceTree = "<group>"; };
		8AD27B5C1D3665A000B87595 /* 6.3-汽车品牌展示UITests.xctest */ = {isa = PBXFileReference; explicitFileType = wrapper.cfbundle; includeInIndex = 0; path = "6.3-汽车品牌展示UITests.xctest"; sourceTree = BUILT_PRODUCTS_DIR; };
		8AD27B601D3665A000B87595 /* __3_______UITests.m */ = {isa = PBXFileReference; lastKnownFileType = sourcecode.c.objc; path = "__3_______UITests.m"; sourceTree = "<group>"; };
		8AD27B621D3665A000B87595 /* Info.plist */ = {isa = PBXFileReference; lastKnownFileType = text.plist.xml; path = Info.plist; sourceTree = "<group>"; };
		8AD27B6E1D36664E00B87595 /* car_simple.plist */ = {isa = PBXFileReference; fileEncoding = 4; lastKnownFileType = text.plist.xml; path = car_simple.plist; sourceTree = "<group>"; };
		8AD27B701D36682900B87595 /* Group.h */ = {isa = PBXFileReference; fileEncoding = 4; lastKnownFileType = sourcecode.c.h; path = Group.h; sourceTree = "<group>"; };
		8AD27B711D36682900B87595 /* Group.m */ = {isa = PBXFileReference; fileEncoding = 4; lastKnownFileType = sourcecode.c.objc; path = Group.m; sourceTree = "<group>"; };
/* End PBXFileReference section */

/* Begin PBXFrameworksBuildPhase section */
		8AD27B351D3665A000B87595 /* Frameworks */ = {
			isa = PBXFrameworksBuildPhase;
			buildActionMask = 2147483647;
			files = (
			);
			runOnlyForDeploymentPostprocessing = 0;
		};
		8AD27B4E1D3665A000B87595 /* Frameworks */ = {
			isa = PBXFrameworksBuildPhase;
			buildActionMask = 2147483647;
			files = (
			);
			runOnlyForDeploymentPostprocessing = 0;
		};
		8AD27B591D3665A000B87595 /* Frameworks */ = {
			isa = PBXFrameworksBuildPhase;
			buildActionMask = 2147483647;
			files = (
			);
			runOnlyForDeploymentPostprocessing = 0;
		};
/* End PBXFrameworksBuildPhase section */

/* Begin PBXGroup section */
		8AD27B2F1D3665A000B87595 = {
			isa = PBXGroup;
			children = (
				8AD27B3A1D3665A000B87595 /* 6.3-汽车品牌展示 */,
				8AD27B541D3665A000B87595 /* 6.3-汽车品牌展示Tests */,
				8AD27B5F1D3665A000B87595 /* 6.3-汽车品牌展示UITests */,
				8AD27B391D3665A000B87595 /* Products */,
			);
			sourceTree = "<group>";
		};
		8AD27B391D3665A000B87595 /* Products */ = {
			isa = PBXGroup;
			children = (
				8AD27B381D3665A000B87595 /* 6.3-汽车品牌展示.app */,
				8AD27B511D3665A000B87595 /* 6.3-汽车品牌展示Tests.xctest */,
				8AD27B5C1D3665A000B87595 /* 6.3-汽车品牌展示UITests.xctest */,
			);
			name = Products;
			sourceTree = "<group>";
		};
		8AD27B3A1D3665A000B87595 /* 6.3-汽车品牌展示 */ = {
			isa = PBXGroup;
			children = (
				8AD27B3E1D3665A000B87595 /* AppDelegate.h */,
				8AD27B3F1D3665A000B87595 /* AppDelegate.m */,
				8AD27B411D3665A000B87595 /* ViewController.h */,
				8AD27B421D3665A000B87595 /* ViewController.m */,
				8AD27B441D3665A000B87595 /* Main.storyboard */,
				8AD27B471D3665A000B87595 /* Assets.xcassets */,
				8AD27B491D3665A000B87595 /* LaunchScreen.storyboard */,
				8AD27B4C1D3665A000B87595 /* Info.plist */,
				8AD27B3B1D3665A000B87595 /* Supporting Files */,
				8AD27B6E1D36664E00B87595 /* car_simple.plist */,
				8AD27B701D36682900B87595 /* Group.h */,
				8AD27B711D36682900B87595 /* Group.m */,
			);
			path = "6.3-汽车品牌展示";
			sourceTree = "<group>";
		};
		8AD27B3B1D3665A000B87595 /* Supporting Files */ = {
			isa = PBXGroup;
			children = (
				8AD27B3C1D3665A000B87595 /* main.m */,
			);
			name = "Supporting Files";
			sourceTree = "<group>";
		};
		8AD27B541D3665A000B87595 /* 6.3-汽车品牌展示Tests */ = {
			isa = PBXGroup;
			children = (
				8AD27B551D3665A000B87595 /* __3_______Tests.m */,
				8AD27B571D3665A000B87595 /* Info.plist */,
			);
			path = "6.3-汽车品牌展示Tests";
			sourceTree = "<group>";
		};
		8AD27B5F1D3665A000B87595 /* 6.3-汽车品牌展示UITests */ = {
			isa = PBXGroup;
			children = (
				8AD27B601D3665A000B87595 /* __3_______UITests.m */,
				8AD27B621D3665A000B87595 /* Info.plist */,
			);
			path = "6.3-汽车品牌展示UITests";
			sourceTree = "<group>";
		};
/* End PBXGroup section */

/* Begin PBXNativeTarget section */
		8AD27B371D3665A000B87595 /* 6.3-汽车品牌展示 */ = {
			isa = PBXNativeTarget;
			buildConfigurationList = 8AD27B651D3665A000B87595 /* Build configuration list for PBXNativeTarget "6.3-汽车品牌展示" */;
			buildPhases = (
				8AD27B341D3665A000B87595 /* Sources */,
				8AD27B351D3665A000B87595 /* Frameworks */,
				8AD27B361D3665A000B87595 /* Resources */,
			);
			buildRules = (
			);
			dependencies = (
			);
			name = "6.3-汽车品牌展示";
			productName = "6.3-汽车品牌展示";
			productReference = 8AD27B381D3665A000B87595 /* 6.3-汽车品牌展示.app */;
			productType = "com.apple.product-type.application";
		};
		8AD27B501D3665A000B87595 /* 6.3-汽车品牌展示Tests */ = {
			isa = PBXNativeTarget;
			buildConfigurationList = 8AD27B681D3665A000B87595 /* Build configuration list for PBXNativeTarget "6.3-汽车品牌展示Tests" */;
			buildPhases = (
				8AD27B4D1D3665A000B87595 /* Sources */,
				8AD27B4E1D3665A000B87595 /* Frameworks */,
				8AD27B4F1D3665A000B87595 /* Resources */,
			);
			buildRules = (
			);
			dependencies = (
				8AD27B531D3665A000B87595 /* PBXTargetDependency */,
			);
			name = "6.3-汽车品牌展示Tests";
			productName = "6.3-汽车品牌展示Tests";
			productReference = 8AD27B511D3665A000B87595 /* 6.3-汽车品牌展示Tests.xctest */;
			productType = "com.apple.product-type.bundle.unit-test";
		};
		8AD27B5B1D3665A000B87595 /* 6.3-汽车品牌展示UITests */ = {
			isa = PBXNativeTarget;
			buildConfigurationList = 8AD27B6B1D3665A000B87595 /* Build configuration list for PBXNativeTarget "6.3-汽车品牌展示UITests" */;
			buildPhases = (
				8AD27B581D3665A000B87595 /* Sources */,
				8AD27B591D3665A000B87595 /* Frameworks */,
				8AD27B5A1D3665A000B87595 /* Resources */,
			);
			buildRules = (
			);
			dependencies = (
				8AD27B5E1D3665A000B87595 /* PBXTargetDependency */,
			);
			name = "6.3-汽车品牌展示UITests";
			productName = "6.3-汽车品牌展示UITests";
			productReference = 8AD27B5C1D3665A000B87595 /* 6.3-汽车品牌展示UITests.xctest */;
			productType = "com.apple.product-type.bundle.ui-testing";
		};
/* End PBXNativeTarget section */

/* Begin PBXProject section */
		8AD27B301D3665A000B87595 /* Project object */ = {
			isa = PBXProject;
			attributes = {
				LastUpgradeCheck = 0710;
				ORGANIZATIONNAME = lzj;
				TargetAttributes = {
					8AD27B371D3665A000B87595 = {
						CreatedOnToolsVersion = 7.1;
					};
					8AD27B501D3665A000B87595 = {
						CreatedOnToolsVersion = 7.1;
						TestTargetID = 8AD27B371D3665A000B87595;
					};
					8AD27B5B1D3665A000B87595 = {
						CreatedOnToolsVersion = 7.1;
						TestTargetID = 8AD27B371D3665A000B87595;
					};
				};
			};
			buildConfigurationList = 8AD27B331D3665A000B87595 /* Build configuration list for PBXProject "6.3-汽车品牌展示" */;
			compatibilityVersion = "Xcode 3.2";
			developmentRegion = English;
			hasScannedForEncodings = 0;
			knownRegions = (
				en,
				Base,
			);
			mainGroup = 8AD27B2F1D3665A000B87595;
			productRefGroup = 8AD27B391D3665A000B87595 /* Products */;
			projectDirPath = "";
			projectRoot = "";
			targets = (
				8AD27B371D3665A000B87595 /* 6.3-汽车品牌展示 */,
				8AD27B501D3665A000B87595 /* 6.3-汽车品牌展示Tests */,
				8AD27B5B1D3665A000B87595 /* 6.3-汽车品牌展示UITests */,
			);
		};
/* End PBXProject section */

/* Begin PBXResourcesBuildPhase section */
		8AD27B361D3665A000B87595 /* Resources */ = {
			isa = PBXResourcesBuildPhase;
			buildActionMask = 2147483647;
			files = (
				8AD27B4B1D3665A000B87595 /* LaunchScreen.storyboard in Resources */,
				8AD27B6F1D36664E00B87595 /* car_simple.plist in Resources */,
				8AD27B481D3665A000B87595 /* Assets.xcassets in Resources */,
				8AD27B461D3665A000B87595 /* Main.storyboard in Resources */,
			);
			runOnlyForDeploymentPostprocessing = 0;
		};
		8AD27B4F1D3665A000B87595 /* Resources */ = {
			isa = PBXResourcesBuildPhase;
			buildActionMask = 2147483647;
			files = (
			);
			runOnlyForDeploymentPostprocessing = 0;
		};
		8AD27B5A1D3665A000B87595 /* Resources */ = {
			isa = PBXResourcesBuildPhase;
			buildActionMask = 2147483647;
			files = (
			);
			runOnlyForDeploymentPostprocessing = 0;
		};
/* End PBXResourcesBuildPhase section */

/* Begin PBXSourcesBuildPhase section */
		8AD27B341D3665A000B87595 /* Sources */ = {
			isa = PBXSourcesBuildPhase;
			buildActionMask = 2147483647;
			files = (
				8AD27B431D3665A000B87595 /* ViewController.m in Sources */,
				8AD27B401D3665A000B87595 /* AppDelegate.m in Sources */,
				8AD27B3D1D3665A000B87595 /* main.m in Sources */,
				8AD27B721D36682900B87595 /* Group.m in Sources */,
			);
			runOnlyForDeploymentPostprocessing = 0;
		};
		8AD27B4D1D3665A000B87595 /* Sources */ = {
			isa = PBXSourcesBuildPhase;
			buildActionMask = 2147483647;
			files = (
				8AD27B561D3665A000B87595 /* __3_______Tests.m in Sources */,
			);
			runOnlyForDeploymentPostprocessing = 0;
		};
		8AD27B581D3665A000B87595 /* Sources */ = {
			isa = PBXSourcesBuildPhase;
			buildActionMask = 2147483647;
			files = (
				8AD27B611D3665A000B87595 /* __3_______UITests.m in Sources */,
			);
			runOnlyForDeploymentPostprocessing = 0;
		};
/* End PBXSourcesBuildPhase section */

/* Begin PBXTargetDependency section */
		8AD27B531D3665A000B87595 /* PBXTargetDependency */ = {
			isa = PBXTargetDependency;
			target = 8AD27B371D3665A000B87595 /* 6.3-汽车品牌展示 */;
			targetProxy = 8AD27B521D3665A000B87595 /* PBXContainerItemProxy */;
		};
		8AD27B5E1D3665A000B87595 /* PBXTargetDependency */ = {
			isa = PBXTargetDependency;
			target = 8AD27B371D3665A000B87595 /* 6.3-汽车品牌展示 */;
			targetProxy = 8AD27B5D1D3665A000B87595 /* PBXContainerItemProxy */;
		};
/* End PBXTargetDependency section */

/* Begin PBXVariantGroup section */
		8AD27B441D3665A000B87595 /* Main.storyboard */ = {
			isa = PBXVariantGroup;
			children = (
				8AD27B451D3665A000B87595 /* Base */,
			);
			name = Main.storyboard;
			sourceTree = "<group>";
		};
		8AD27B491D3665A000B87595 /* LaunchScreen.storyboard */ = {
			isa = PBXVariantGroup;
			children = (
				8AD27B4A1D3665A000B87595 /* Base */,
			);
			name = LaunchScreen.storyboard;
			sourceTree = "<group>";
		};
/* End PBXVariantGroup section */

/* Begin XCBuildConfiguration section */
		8AD27B631D3665A000B87595 /* Debug */ = {
			isa = XCBuildConfiguration;
			buildSettings = {
				ALWAYS_SEARCH_USER_PATHS = NO;
				CLANG_CXX_LANGUAGE_STANDARD = "gnu++0x";
				CLANG_CXX_LIBRARY = "libc++";
				CLANG_ENABLE_MODULES = YES;
				CLANG_ENABLE_OBJC_ARC = YES;
				CLANG_WARN_BOOL_CONVERSION = YES;
				CLANG_WARN_CONSTANT_CONVERSION = YES;
				CLANG_WARN_DIRECT_OBJC_ISA_USAGE = YES_ERROR;
				CLANG_WARN_EMPTY_BODY = YES;
				CLANG_WARN_ENUM_CONVERSION = YES;
				CLANG_WARN_INT_CONVERSION = YES;
				CLANG_WARN_OBJC_ROOT_CLASS = YES_ERROR;
				CLANG_WARN_UNREACHABLE_CODE = YES;
				CLANG_WARN__DUPLICATE_METHOD_MATCH = YES;
				"CODE_SIGN_IDENTITY[sdk=iphoneos*]" = "iPhone Developer";
				COPY_PHASE_STRIP = NO;
				DEBUG_INFORMATION_FORMAT = dwarf;
				ENABLE_STRICT_OBJC_MSGSEND = YES;
				ENABLE_TESTABILITY = YES;
				GCC_C_LANGUAGE_STANDARD = gnu99;
				GCC_DYNAMIC_NO_PIC = NO;
				GCC_NO_COMMON_BLOCKS = YES;
				GCC_OPTIMIZATION_LEVEL = 0;
				GCC_PREPROCESSOR_DEFINITIONS = (
					"DEBUG=1",
					"$(inherited)",
				);
				GCC_WARN_64_TO_32_BIT_CONVERSION = YES;
				GCC_WARN_ABOUT_RETURN_TYPE = YES_ERROR;
				GCC_WARN_UNDECLARED_SELECTOR = YES;
				GCC_WARN_UNINITIALIZED_AUTOS = YES_AGGRESSIVE;
				GCC_WARN_UNUSED_FUNCTION = YES;
				GCC_WARN_UNUSED_VARIABLE = YES;
				IPHONEOS_DEPLOYMENT_TARGET = 9.1;
				MTL_ENABLE_DEBUG_INFO = YES;
				ONLY_ACTIVE_ARCH = YES;
				SDKROOT = iphoneos;
				TARGETED_DEVICE_FAMILY = "1,2";
			};
			name = Debug;
		};
		8AD27B641D3665A000B87595 /* Release */ = {
			isa = XCBuildConfiguration;
			buildSettings = {
				ALWAYS_SEARCH_USER_PATHS = NO;
				CLANG_CXX_LANGUAGE_STANDARD = "gnu++0x";
				CLANG_CXX_LIBRARY = "libc++";
				CLANG_ENABLE_MODULES = YES;
				CLANG_ENABLE_OBJC_ARC = YES;
				CLANG_WARN_BOOL_CONVERSION = YES;
				CLANG_WARN_CONSTANT_CONVERSION = YES;
				CLANG_WARN_DIRECT_OBJC_ISA_USAGE = YES_ERROR;
				CLANG_WARN_EMPTY_BODY = YES;
				CLANG_WARN_ENUM_CONVERSION = YES;
				CLANG_WARN_INT_CONVERSION = YES;
				CLANG_WARN_OBJC_ROOT_CLASS = YES_ERROR;
				CLANG_WARN_UNREACHABLE_CODE = YES;
				CLANG_WARN__DUPLICATE_METHOD_MATCH = YES;
				"CODE_SIGN_IDENTITY[sdk=iphoneos*]" = "iPhone Developer";
				COPY_PHASE_STRIP = NO;
				DEBUG_INFORMATION_FORMAT = "dwarf-with-dsym";
				ENABLE_NS_ASSERTIONS = NO;
				ENABLE_STRICT_OBJC_MSGSEND = YES;
				GCC_C_LANGUAGE_STANDARD = gnu99;
				GCC_NO_COMMON_BLOCKS = YES;
				GCC_WARN_64_TO_32_BIT_CONVERSION = YES;
				GCC_WARN_ABOUT_RETURN_TYPE = YES_ERROR;
				GCC_WARN_UNDECLARED_SELECTOR = YES;
				GCC_WARN_UNINITIALIZED_AUTOS = YES_AGGRESSIVE;
				GCC_WARN_UNUSED_FUNCTION = YES;
				GCC_WARN_UNUSED_VARIABLE = YES;
				IPHONEOS_DEPLOYMENT_TARGET = 9.1;
				MTL_ENABLE_DEBUG_INFO = NO;
				SDKROOT = iphoneos;
				TARGETED_DEVICE_FAMILY = "1,2";
				VALIDATE_PRODUCT = YES;
			};
			name = Release;
		};
		8AD27B661D3665A000B87595 /* Debug */ = {
			isa = XCBuildConfiguration;
			buildSettings = {
				ASSETCATALOG_COMPILER_APPICON_NAME = AppIcon;
				INFOPLIST_FILE = "6.3-汽车品牌展示/Info.plist";
				LD_RUNPATH_SEARCH_PATHS = "$(inherited) @executable_path/Frameworks";
				PRODUCT_BUNDLE_IDENTIFIER = "com.lzj.--3-------";
				PRODUCT_NAME = "$(TARGET_NAME)";
			};
			name = Debug;
		};
		8AD27B671D3665A000B87595 /* Release */ = {
			isa = XCBuildConfiguration;
			buildSettings = {
				ASSETCATALOG_COMPILER_APPICON_NAME = AppIcon;
				INFOPLIST_FILE = "6.3-汽车品牌展示/Info.plist";
				LD_RUNPATH_SEARCH_PATHS = "$(inherited) @executable_path/Frameworks";
				PRODUCT_BUNDLE_IDENTIFIER = "com.lzj.--3-------";
				PRODUCT_NAME = "$(TARGET_NAME)";
			};
			name = Release;
		};
		8AD27B691D3665A000B87595 /* Debug */ = {
			isa = XCBuildConfiguration;
			buildSettings = {
				BUNDLE_LOADER = "$(TEST_HOST)";
				INFOPLIST_FILE = "6.3-汽车品牌展示Tests/Info.plist";
				LD_RUNPATH_SEARCH_PATHS = "$(inherited) @executable_path/Frameworks @loader_path/Frameworks";
				PRODUCT_BUNDLE_IDENTIFIER = "com.lzj.--3-------Tests";
				PRODUCT_NAME = "$(TARGET_NAME)";
				TEST_HOST = "$(BUILT_PRODUCTS_DIR)/6.3-汽车品牌展示.app/6.3-汽车品牌展示";
			};
			name = Debug;
		};
		8AD27B6A1D3665A000B87595 /* Release */ = {
			isa = XCBuildConfiguration;
			buildSettings = {
				BUNDLE_LOADER = "$(TEST_HOST)";
				INFOPLIST_FILE = "6.3-汽车品牌展示Tests/Info.plist";
				LD_RUNPATH_SEARCH_PATHS = "$(inherited) @executable_path/Frameworks @loader_path/Frameworks";
				PRODUCT_BUNDLE_IDENTIFIER = "com.lzj.--3-------Tests";
				PRODUCT_NAME = "$(TARGET_NAME)";
				TEST_HOST = "$(BUILT_PRODUCTS_DIR)/6.3-汽车品牌展示.app/6.3-汽车品牌展示";
			};
			name = Release;
		};
		8AD27B6C1D3665A000B87595 /* Debug */ = {
			isa = XCBuildConfiguration;
			buildSettings = {
				INFOPLIST_FILE = "6.3-汽车品牌展示UITests/Info.plist";
				LD_RUNPATH_SEARCH_PATHS = "$(inherited) @executable_path/Frameworks @loader_path/Frameworks";
				PRODUCT_BUNDLE_IDENTIFIER = "com.lzj.--3-------UITests";
				PRODUCT_NAME = "$(TARGET_NAME)";
				TEST_TARGET_NAME = "6.3-汽车品牌展示";
				USES_XCTRUNNER = YES;
			};
			name = Debug;
		};
		8AD27B6D1D3665A000B87595 /* Release */ = {
			isa = XCBuildConfiguration;
			buildSettings = {
				INFOPLIST_FILE = "6.3-汽车品牌展示UITests/Info.plist";
				LD_RUNPATH_SEARCH_PATHS = "$(inherited) @executable_path/Frameworks @loader_path/Frameworks";
				PRODUCT_BUNDLE_IDENTIFIER = "com.lzj.--3-------UITests";
				PRODUCT_NAME = "$(TARGET_NAME)";
				TEST_TARGET_NAME = "6.3-汽车品牌展示";
				USES_XCTRUNNER = YES;
			};
			name = Release;
		};
/* End XCBuildConfiguration section */

/* Begin XCConfigurationList section */
		8AD27B331D3665A000B87595 /* Build configuration list for PBXProject "6.3-汽车品牌展示" */ = {
			isa = XCConfigurationList;
			buildConfigurations = (
				8AD27B631D3665A000B87595 /* Debug */,
				8AD27B641D3665A000B87595 /* Release */,
			);
			defaultConfigurationIsVisible = 0;
			defaultConfigurationName = Release;
		};
		8AD27B651D3665A000B87595 /* Build configuration list for PBXNativeTarget "6.3-汽车品牌展示" */ = {
			isa = XCConfigurationList;
			buildConfigurations = (
				8AD27B661D3665A000B87595 /* Debug */,
				8AD27B671D3665A000B87595 /* Release */,
			);
			defaultConfigurationIsVisible = 0;
		};
		8AD27B681D3665A000B87595 /* Build configuration list for PBXNativeTarget "6.3-汽车品牌展示Tests" */ = {
			isa = XCConfigurationList;
			buildConfigurations = (
				8AD27B691D3665A000B87595 /* Debug */,
				8AD27B6A1D3665A000B87595 /* Release */,
			);
			defaultConfigurationIsVisible = 0;
		};
		8AD27B6B1D3665A000B87595 /* Build configuration list for PBXNativeTarget "6.3-汽车品牌展示UITests" */ = {
			isa = XCConfigurationList;
			buildConfigurations = (
				8AD27B6C1D3665A000B87595 /* Debug */,
				8AD27B6D1D3665A000B87595 /* Release */,
			);
			defaultConfigurationIsVisible = 0;
		};
/* End XCConfigurationList section */
	};
	rootObject = 8AD27B301D3665A000B87595 /* Project object */;
}
