<?xml version="1.0" encoding="UTF-8"?>
<Scheme
   LastUpgradeVersion = "0720"
   version = "1.3">
   <BuildAction
      parallelizeBuildables = "YES"
      buildImplicitDependencies = "YES">
      <BuildActionEntries>
         <BuildActionEntry
            buildForTesting = "YES"
            buildForRunning = "YES"
            buildForProfiling = "YES"
            buildForArchiving = "YES"
            buildForAnalyzing = "YES">
            <BuildableReference
               BuildableIdentifier = "primary"
               BlueprintIdentifier = "8A1648951D5CA2F70064E076"
               BuildableName = "10.4-autolayout&#x5e95;&#x90e8;&#x6309;&#x94ae;&#x4e4b;&#x95f4;&#x76f8;&#x540c;&#x95f4;&#x8ddd;.app"
               BlueprintName = "10.4-autolayout&#x5e95;&#x90e8;&#x6309;&#x94ae;&#x4e4b;&#x95f4;&#x76f8;&#x540c;&#x95f4;&#x8ddd;"
               ReferencedContainer = "container:10.4-autolayout&#x5e95;&#x90e8;&#x6309;&#x94ae;&#x4e4b;&#x95f4;&#x76f8;&#x540c;&#x95f4;&#x8ddd;.xcodeproj">
            </BuildableReference>
         </BuildActionEntry>
      </BuildActionEntries>
   </BuildAction>
   <TestAction
      buildConfiguration = "Debug"
      selectedDebuggerIdentifier = "Xcode.DebuggerFoundation.Debugger.LLDB"
      selectedLauncherIdentifier = "Xcode.DebuggerFoundation.Launcher.LLDB"
      shouldUseLaunchSchemeArgsEnv = "YES">
      <Testables>
         <TestableReference
            skipped = "NO">
            <BuildableReference
               BuildableIdentifier = "primary"
               BlueprintIdentifier = "8A1648AE1D5CA2F70064E076"
               BuildableName = "10.4-autolayout&#x5e95;&#x90e8;&#x6309;&#x94ae;&#x4e4b;&#x95f4;&#x76f8;&#x540c;&#x95f4;&#x8ddd;Tests.xctest"
               BlueprintName = "10.4-autolayout&#x5e95;&#x90e8;&#x6309;&#x94ae;&#x4e4b;&#x95f4;&#x76f8;&#x540c;&#x95f4;&#x8ddd;Tests"
               ReferencedContainer = "container:10.4-autolayout&#x5e95;&#x90e8;&#x6309;&#x94ae;&#x4e4b;&#x95f4;&#x76f8;&#x540c;&#x95f4;&#x8ddd;.xcodeproj">
            </BuildableReference>
         </TestableReference>
         <TestableReference
            skipped = "NO">
            <BuildableReference
               BuildableIdentifier = "primary"
               BlueprintIdentifier = "8A1648B91D5CA2F70064E076"
               BuildableName = "10.4-autolayout&#x5e95;&#x90e8;&#x6309;&#x94ae;&#x4e4b;&#x95f4;&#x76f8;&#x540c;&#x95f4;&#x8ddd;UITests.xctest"
               BlueprintName = "10.4-autolayout&#x5e95;&#x90e8;&#x6309;&#x94ae;&#x4e4b;&#x95f4;&#x76f8;&#x540c;&#x95f4;&#x8ddd;UITests"
               ReferencedContainer = "container:10.4-autolayout&#x5e95;&#x90e8;&#x6309;&#x94ae;&#x4e4b;&#x95f4;&#x76f8;&#x540c;&#x95f4;&#x8ddd;.xcodeproj">
            </BuildableReference>
         </TestableReference>
      </Testables>
      <MacroExpansion>
         <BuildableReference
            BuildableIdentifier = "primary"
            BlueprintIdentifier = "8A1648951D5CA2F70064E076"
            BuildableName = "10.4-autolayout&#x5e95;&#x90e8;&#x6309;&#x94ae;&#x4e4b;&#x95f4;&#x76f8;&#x540c;&#x95f4;&#x8ddd;.app"
            BlueprintName = "10.4-autolayout&#x5e95;&#x90e8;&#x6309;&#x94ae;&#x4e4b;&#x95f4;&#x76f8;&#x540c;&#x95f4;&#x8ddd;"
            ReferencedContainer = "container:10.4-autolayout&#x5e95;&#x90e8;&#x6309;&#x94ae;&#x4e4b;&#x95f4;&#x76f8;&#x540c;&#x95f4;&#x8ddd;.xcodeproj">
         </BuildableReference>
      </MacroExpansion>
      <AdditionalOptions>
      </AdditionalOptions>
   </TestAction>
   <LaunchAction
      buildConfiguration = "Debug"
      selectedDebuggerIdentifier = "Xcode.DebuggerFoundation.Debugger.LLDB"
      selectedLauncherIdentifier = "Xcode.DebuggerFoundation.Launcher.LLDB"
      launchStyle = "0"
      useCustomWorkingDirectory = "NO"
      ignoresPersistentStateOnLaunch = "NO"
      debugDocumentVersioning = "YES"
      debugServiceExtension = "internal"
      allowLocationSimulation = "YES">
      <BuildableProductRunnable
         runnableDebuggingMode = "0">
         <BuildableReference
            BuildableIdentifier = "primary"
            BlueprintIdentifier = "8A1648951D5CA2F70064E076"
            BuildableName = "10.4-autolayout&#x5e95;&#x90e8;&#x6309;&#x94ae;&#x4e4b;&#x95f4;&#x76f8;&#x540c;&#x95f4;&#x8ddd;.app"
            BlueprintName = "10.4-autolayout&#x5e95;&#x90e8;&#x6309;&#x94ae;&#x4e4b;&#x95f4;&#x76f8;&#x540c;&#x95f4;&#x8ddd;"
            ReferencedContainer = "container:10.4-autolayout&#x5e95;&#x90e8;&#x6309;&#x94ae;&#x4e4b;&#x95f4;&#x76f8;&#x540c;&#x95f4;&#x8ddd;.xcodeproj">
         </BuildableReference>
      </BuildableProductRunnable>
      <AdditionalOptions>
      </AdditionalOptions>
   </LaunchAction>
   <ProfileAction
      buildConfiguration = "Release"
      shouldUseLaunchSchemeArgsEnv = "YES"
      savedToolIdentifier = ""
      useCustomWorkingDirectory = "NO"
      debugDocumentVersioning = "YES">
      <BuildableProductRunnable
         runnableDebuggingMode = "0">
         <BuildableReference
            BuildableIdentifier = "primary"
            BlueprintIdentifier = "8A1648951D5CA2F70064E076"
            BuildableName = "10.4-autolayout&#x5e95;&#x90e8;&#x6309;&#x94ae;&#x4e4b;&#x95f4;&#x76f8;&#x540c;&#x95f4;&#x8ddd;.app"
            BlueprintName = "10.4-autolayout&#x5e95;&#x90e8;&#x6309;&#x94ae;&#x4e4b;&#x95f4;&#x76f8;&#x540c;&#x95f4;&#x8ddd;"
            ReferencedContainer = "container:10.4-autolayout&#x5e95;&#x90e8;&#x6309;&#x94ae;&#x4e4b;&#x95f4;&#x76f8;&#x540c;&#x95f4;&#x8ddd;.xcodeproj">
         </BuildableReference>
      </BuildableProductRunnable>
   </ProfileAction>
   <AnalyzeAction
      buildConfiguration = "Debug">
   </AnalyzeAction>
   <ArchiveAction
      buildConfiguration = "Release"
      revealArchiveInOrganizer = "YES">
   </ArchiveAction>
</Scheme>
