// !$*UTF8*$!
{
	archiveVersion = 1;
	classes = {
	};
	objectVersion = 46;
	objects = {

/* Begin PBXBuildFile section */
		8AD27A801D34925700B87595 /* main.m in Sources */ = {isa = PBXBuildFile; fileRef = 8AD27A7F1D34925700B87595 /* main.m */; };
		8AD27A831D34925700B87595 /* AppDelegate.m in Sources */ = {isa = PBXBuildFile; fileRef = 8AD27A821D34925700B87595 /* AppDelegate.m */; };
		8AD27A861D34925700B87595 /* ViewController.m in Sources */ = {isa = PBXBuildFile; fileRef = 8AD27A851D34925700B87595 /* ViewController.m */; };
		8AD27A891D34925700B87595 /* Main.storyboard in Resources */ = {isa = PBXBuildFile; fileRef = 8AD27A871D34925700B87595 /* Main.storyboard */; };
		8AD27A8B1D34925700B87595 /* Assets.xcassets in Resources */ = {isa = PBXBuildFile; fileRef = 8AD27A8A1D34925700B87595 /* Assets.xcassets */; };
		8AD27A8E1D34925700B87595 /* LaunchScreen.storyboard in Resources */ = {isa = PBXBuildFile; fileRef = 8AD27A8C1D34925700B87595 /* LaunchScreen.storyboard */; };
		8AD27A991D34925700B87595 /* __4______Tests.m in Sources */ = {isa = PBXBuildFile; fileRef = 8AD27A981D34925700B87595 /* __4______Tests.m */; };
		8AD27AA41D34925700B87595 /* __4______UITests.m in Sources */ = {isa = PBXBuildFile; fileRef = 8AD27AA31D34925700B87595 /* __4______UITests.m */; };
/* End PBXBuildFile section */

/* Begin PBXContainerItemProxy section */
		8AD27A951D34925700B87595 /* PBXContainerItemProxy */ = {
			isa = PBXContainerItemProxy;
			containerPortal = 8AD27A731D34925700B87595 /* Project object */;
			proxyType = 1;
			remoteGlobalIDString = 8AD27A7A1D34925700B87595;
			remoteInfo = "5.4-图片轮播器";
		};
		8AD27AA01D34925700B87595 /* PBXContainerItemProxy */ = {
			isa = PBXContainerItemProxy;
			containerPortal = 8AD27A731D34925700B87595 /* Project object */;
			proxyType = 1;
			remoteGlobalIDString = 8AD27A7A1D34925700B87595;
			remoteInfo = "5.4-图片轮播器";
		};
/* End PBXContainerItemProxy section */

/* Begin PBXFileReference section */
		8AD27A7B1D34925700B87595 /* 5.4-图片轮播器.app */ = {isa = PBXFileReference; explicitFileType = wrapper.application; includeInIndex = 0; path = "5.4-图片轮播器.app"; sourceTree = BUILT_PRODUCTS_DIR; };
		8AD27A7F1D34925700B87595 /* main.m */ = {isa = PBXFileReference; lastKnownFileType = sourcecode.c.objc; path = main.m; sourceTree = "<group>"; };
		8AD27A811D34925700B87595 /* AppDelegate.h */ = {isa = PBXFileReference; lastKnownFileType = sourcecode.c.h; path = AppDelegate.h; sourceTree = "<group>"; };
		8AD27A821D34925700B87595 /* AppDelegate.m */ = {isa = PBXFileReference; lastKnownFileType = sourcecode.c.objc; path = AppDelegate.m; sourceTree = "<group>"; };
		8AD27A841D34925700B87595 /* ViewController.h */ = {isa = PBXFileReference; lastKnownFileType = sourcecode.c.h; path = ViewController.h; sourceTree = "<group>"; };
		8AD27A851D34925700B87595 /* ViewController.m */ = {isa = PBXFileReference; lastKnownFileType = sourcecode.c.objc; path = ViewController.m; sourceTree = "<group>"; };
		8AD27A881D34925700B87595 /* Base */ = {isa = PBXFileReference; lastKnownFileType = file.storyboard; name = Base; path = Base.lproj/Main.storyboard; sourceTree = "<group>"; };
		8AD27A8A1D34925700B87595 /* Assets.xcassets */ = {isa = PBXFileReference; lastKnownFileType = folder.assetcatalog; path = Assets.xcassets; sourceTree = "<group>"; };
		8AD27A8D1D34925700B87595 /* Base */ = {isa = PBXFileReference; lastKnownFileType = file.storyboard; name = Base; path = Base.lproj/LaunchScreen.storyboard; sourceTree = "<group>"; };
		8AD27A8F1D34925700B87595 /* Info.plist */ = {isa = PBXFileReference; lastKnownFileType = text.plist.xml; path = Info.plist; sourceTree = "<group>"; };
		8AD27A941D34925700B87595 /* 5.4-图片轮播器Tests.xctest */ = {isa = PBXFileReference; explicitFileType = wrapper.cfbundle; includeInIndex = 0; path = "5.4-图片轮播器Tests.xctest"; sourceTree = BUILT_PRODUCTS_DIR; };
		8AD27A981D34925700B87595 /* __4______Tests.m */ = {isa = PBXFileReference; lastKnownFileType = sourcecode.c.objc; path = "__4______Tests.m"; sourceTree = "<group>"; };
		8AD27A9A1D34925700B87595 /* Info.plist */ = {isa = PBXFileReference; lastKnownFileType = text.plist.xml; path = Info.plist; sourceTree = "<group>"; };
		8AD27A9F1D34925700B87595 /* 5.4-图片轮播器UITests.xctest */ = {isa = PBXFileReference; explicitFileType = wrapper.cfbundle; includeInIndex = 0; path = "5.4-图片轮播器UITests.xctest"; sourceTree = BUILT_PRODUCTS_DIR; };
		8AD27AA31D34925700B87595 /* __4______UITests.m */ = {isa = PBXFileReference; lastKnownFileType = sourcecode.c.objc; path = "__4______UITests.m"; sourceTree = "<group>"; };
		8AD27AA51D34925700B87595 /* Info.plist */ = {isa = PBXFileReference; lastKnownFileType = text.plist.xml; path = Info.plist; sourceTree = "<group>"; };
/* End PBXFileReference section */

/* Begin PBXFrameworksBuildPhase section */
		8AD27A781D34925700B87595 /* Frameworks */ = {
			isa = PBXFrameworksBuildPhase;
			buildActionMask = 2147483647;
			files = (
			);
			runOnlyForDeploymentPostprocessing = 0;
		};
		8AD27A911D34925700B87595 /* Frameworks */ = {
			isa = PBXFrameworksBuildPhase;
			buildActionMask = 2147483647;
			files = (
			);
			runOnlyForDeploymentPostprocessing = 0;
		};
		8AD27A9C1D34925700B87595 /* Frameworks */ = {
			isa = PBXFrameworksBuildPhase;
			buildActionMask = 2147483647;
			files = (
			);
			runOnlyForDeploymentPostprocessing = 0;
		};
/* End PBXFrameworksBuildPhase section */

/* Begin PBXGroup section */
		8AD27A721D34925700B87595 = {
			isa = PBXGroup;
			children = (
				8AD27A7D1D34925700B87595 /* 5.4-图片轮播器 */,
				8AD27A971D34925700B87595 /* 5.4-图片轮播器Tests */,
				8AD27AA21D34925700B87595 /* 5.4-图片轮播器UITests */,
				8AD27A7C1D34925700B87595 /* Products */,
			);
			sourceTree = "<group>";
		};
		8AD27A7C1D34925700B87595 /* Products */ = {
			isa = PBXGroup;
			children = (
				8AD27A7B1D34925700B87595 /* 5.4-图片轮播器.app */,
				8AD27A941D34925700B87595 /* 5.4-图片轮播器Tests.xctest */,
				8AD27A9F1D34925700B87595 /* 5.4-图片轮播器UITests.xctest */,
			);
			name = Products;
			sourceTree = "<group>";
		};
		8AD27A7D1D34925700B87595 /* 5.4-图片轮播器 */ = {
			isa = PBXGroup;
			children = (
				8AD27A811D34925700B87595 /* AppDelegate.h */,
				8AD27A821D34925700B87595 /* AppDelegate.m */,
				8AD27A841D34925700B87595 /* ViewController.h */,
				8AD27A851D34925700B87595 /* ViewController.m */,
				8AD27A871D34925700B87595 /* Main.storyboard */,
				8AD27A8A1D34925700B87595 /* Assets.xcassets */,
				8AD27A8C1D34925700B87595 /* LaunchScreen.storyboard */,
				8AD27A8F1D34925700B87595 /* Info.plist */,
				8AD27A7E1D34925700B87595 /* Supporting Files */,
			);
			path = "5.4-图片轮播器";
			sourceTree = "<group>";
		};
		8AD27A7E1D34925700B87595 /* Supporting Files */ = {
			isa = PBXGroup;
			children = (
				8AD27A7F1D34925700B87595 /* main.m */,
			);
			name = "Supporting Files";
			sourceTree = "<group>";
		};
		8AD27A971D34925700B87595 /* 5.4-图片轮播器Tests */ = {
			isa = PBXGroup;
			children = (
				8AD27A981D34925700B87595 /* __4______Tests.m */,
				8AD27A9A1D34925700B87595 /* Info.plist */,
			);
			path = "5.4-图片轮播器Tests";
			sourceTree = "<group>";
		};
		8AD27AA21D34925700B87595 /* 5.4-图片轮播器UITests */ = {
			isa = PBXGroup;
			children = (
				8AD27AA31D34925700B87595 /* __4______UITests.m */,
				8AD27AA51D34925700B87595 /* Info.plist */,
			);
			path = "5.4-图片轮播器UITests";
			sourceTree = "<group>";
		};
/* End PBXGroup section */

/* Begin PBXNativeTarget section */
		8AD27A7A1D34925700B87595 /* 5.4-图片轮播器 */ = {
			isa = PBXNativeTarget;
			buildConfigurationList = 8AD27AA81D34925700B87595 /* Build configuration list for PBXNativeTarget "5.4-图片轮播器" */;
			buildPhases = (
				8AD27A771D34925700B87595 /* Sources */,
				8AD27A781D34925700B87595 /* Frameworks */,
				8AD27A791D34925700B87595 /* Resources */,
			);
			buildRules = (
			);
			dependencies = (
			);
			name = "5.4-图片轮播器";
			productName = "5.4-图片轮播器";
			productReference = 8AD27A7B1D34925700B87595 /* 5.4-图片轮播器.app */;
			productType = "com.apple.product-type.application";
		};
		8AD27A931D34925700B87595 /* 5.4-图片轮播器Tests */ = {
			isa = PBXNativeTarget;
			buildConfigurationList = 8AD27AAB1D34925700B87595 /* Build configuration list for PBXNativeTarget "5.4-图片轮播器Tests" */;
			buildPhases = (
				8AD27A901D34925700B87595 /* Sources */,
				8AD27A911D34925700B87595 /* Frameworks */,
				8AD27A921D34925700B87595 /* Resources */,
			);
			buildRules = (
			);
			dependencies = (
				8AD27A961D34925700B87595 /* PBXTargetDependency */,
			);
			name = "5.4-图片轮播器Tests";
			productName = "5.4-图片轮播器Tests";
			productReference = 8AD27A941D34925700B87595 /* 5.4-图片轮播器Tests.xctest */;
			productType = "com.apple.product-type.bundle.unit-test";
		};
		8AD27A9E1D34925700B87595 /* 5.4-图片轮播器UITests */ = {
			isa = PBXNativeTarget;
			buildConfigurationList = 8AD27AAE1D34925700B87595 /* Build configuration list for PBXNativeTarget "5.4-图片轮播器UITests" */;
			buildPhases = (
				8AD27A9B1D34925700B87595 /* Sources */,
				8AD27A9C1D34925700B87595 /* Frameworks */,
				8AD27A9D1D34925700B87595 /* Resources */,
			);
			buildRules = (
			);
			dependencies = (
				8AD27AA11D34925700B87595 /* PBXTargetDependency */,
			);
			name = "5.4-图片轮播器UITests";
			productName = "5.4-图片轮播器UITests";
			productReference = 8AD27A9F1D34925700B87595 /* 5.4-图片轮播器UITests.xctest */;
			productType = "com.apple.product-type.bundle.ui-testing";
		};
/* End PBXNativeTarget section */

/* Begin PBXProject section */
		8AD27A731D34925700B87595 /* Project object */ = {
			isa = PBXProject;
			attributes = {
				LastUpgradeCheck = 0710;
				ORGANIZATIONNAME = lzj;
				TargetAttributes = {
					8AD27A7A1D34925700B87595 = {
						CreatedOnToolsVersion = 7.1;
					};
					8AD27A931D34925700B87595 = {
						CreatedOnToolsVersion = 7.1;
						TestTargetID = 8AD27A7A1D34925700B87595;
					};
					8AD27A9E1D34925700B87595 = {
						CreatedOnToolsVersion = 7.1;
						TestTargetID = 8AD27A7A1D34925700B87595;
					};
				};
			};
			buildConfigurationList = 8AD27A761D34925700B87595 /* Build configuration list for PBXProject "5.4-图片轮播器" */;
			compatibilityVersion = "Xcode 3.2";
			developmentRegion = English;
			hasScannedForEncodings = 0;
			knownRegions = (
				en,
				Base,
			);
			mainGroup = 8AD27A721D34925700B87595;
			productRefGroup = 8AD27A7C1D34925700B87595 /* Products */;
			projectDirPath = "";
			projectRoot = "";
			targets = (
				8AD27A7A1D34925700B87595 /* 5.4-图片轮播器 */,
				8AD27A931D34925700B87595 /* 5.4-图片轮播器Tests */,
				8AD27A9E1D34925700B87595 /* 5.4-图片轮播器UITests */,
			);
		};
/* End PBXProject section */

/* Begin PBXResourcesBuildPhase section */
		8AD27A791D34925700B87595 /* Resources */ = {
			isa = PBXResourcesBuildPhase;
			buildActionMask = 2147483647;
			files = (
				8AD27A8E1D34925700B87595 /* LaunchScreen.storyboard in Resources */,
				8AD27A8B1D34925700B87595 /* Assets.xcassets in Resources */,
				8AD27A891D34925700B87595 /* Main.storyboard in Resources */,
			);
			runOnlyForDeploymentPostprocessing = 0;
		};
		8AD27A921D34925700B87595 /* Resources */ = {
			isa = PBXResourcesBuildPhase;
			buildActionMask = 2147483647;
			files = (
			);
			runOnlyForDeploymentPostprocessing = 0;
		};
		8AD27A9D1D34925700B87595 /* Resources */ = {
			isa = PBXResourcesBuildPhase;
			buildActionMask = 2147483647;
			files = (
			);
			runOnlyForDeploymentPostprocessing = 0;
		};
/* End PBXResourcesBuildPhase section */

/* Begin PBXSourcesBuildPhase section */
		8AD27A771D34925700B87595 /* Sources */ = {
			isa = PBXSourcesBuildPhase;
			buildActionMask = 2147483647;
			files = (
				8AD27A861D34925700B87595 /* ViewController.m in Sources */,
				8AD27A831D34925700B87595 /* AppDelegate.m in Sources */,
				8AD27A801D34925700B87595 /* main.m in Sources */,
			);
			runOnlyForDeploymentPostprocessing = 0;
		};
		8AD27A901D34925700B87595 /* Sources */ = {
			isa = PBXSourcesBuildPhase;
			buildActionMask = 2147483647;
			files = (
				8AD27A991D34925700B87595 /* __4______Tests.m in Sources */,
			);
			runOnlyForDeploymentPostprocessing = 0;
		};
		8AD27A9B1D34925700B87595 /* Sources */ = {
			isa = PBXSourcesBuildPhase;
			buildActionMask = 2147483647;
			files = (
				8AD27AA41D34925700B87595 /* __4______UITests.m in Sources */,
			);
			runOnlyForDeploymentPostprocessing = 0;
		};
/* End PBXSourcesBuildPhase section */

/* Begin PBXTargetDependency section */
		8AD27A961D34925700B87595 /* PBXTargetDependency */ = {
			isa = PBXTargetDependency;
			target = 8AD27A7A1D34925700B87595 /* 5.4-图片轮播器 */;
			targetProxy = 8AD27A951D34925700B87595 /* PBXContainerItemProxy */;
		};
		8AD27AA11D34925700B87595 /* PBXTargetDependency */ = {
			isa = PBXTargetDependency;
			target = 8AD27A7A1D34925700B87595 /* 5.4-图片轮播器 */;
			targetProxy = 8AD27AA01D34925700B87595 /* PBXContainerItemProxy */;
		};
/* End PBXTargetDependency section */

/* Begin PBXVariantGroup section */
		8AD27A871D34925700B87595 /* Main.storyboard */ = {
			isa = PBXVariantGroup;
			children = (
				8AD27A881D34925700B87595 /* Base */,
			);
			name = Main.storyboard;
			sourceTree = "<group>";
		};
		8AD27A8C1D34925700B87595 /* LaunchScreen.storyboard */ = {
			isa = PBXVariantGroup;
			children = (
				8AD27A8D1D34925700B87595 /* Base */,
			);
			name = LaunchScreen.storyboard;
			sourceTree = "<group>";
		};
/* End PBXVariantGroup section */

/* Begin XCBuildConfiguration section */
		8AD27AA61D34925700B87595 /* Debug */ = {
			isa = XCBuildConfiguration;
			buildSettings = {
				ALWAYS_SEARCH_USER_PATHS = NO;
				CLANG_CXX_LANGUAGE_STANDARD = "gnu++0x";
				CLANG_CXX_LIBRARY = "libc++";
				CLANG_ENABLE_MODULES = YES;
				CLANG_ENABLE_OBJC_ARC = YES;
				CLANG_WARN_BOOL_CONVERSION = YES;
				CLANG_WARN_CONSTANT_CONVERSION = YES;
				CLANG_WARN_DIRECT_OBJC_ISA_USAGE = YES_ERROR;
				CLANG_WARN_EMPTY_BODY = YES;
				CLANG_WARN_ENUM_CONVERSION = YES;
				CLANG_WARN_INT_CONVERSION = YES;
				CLANG_WARN_OBJC_ROOT_CLASS = YES_ERROR;
				CLANG_WARN_UNREACHABLE_CODE = YES;
				CLANG_WARN__DUPLICATE_METHOD_MATCH = YES;
				"CODE_SIGN_IDENTITY[sdk=iphoneos*]" = "iPhone Developer";
				COPY_PHASE_STRIP = NO;
				DEBUG_INFORMATION_FORMAT = dwarf;
				ENABLE_STRICT_OBJC_MSGSEND = YES;
				ENABLE_TESTABILITY = YES;
				GCC_C_LANGUAGE_STANDARD = gnu99;
				GCC_DYNAMIC_NO_PIC = NO;
				GCC_NO_COMMON_BLOCKS = YES;
				GCC_OPTIMIZATION_LEVEL = 0;
				GCC_PREPROCESSOR_DEFINITIONS = (
					"DEBUG=1",
					"$(inherited)",
				);
				GCC_WARN_64_TO_32_BIT_CONVERSION = YES;
				GCC_WARN_ABOUT_RETURN_TYPE = YES_ERROR;
				GCC_WARN_UNDECLARED_SELECTOR = YES;
				GCC_WARN_UNINITIALIZED_AUTOS = YES_AGGRESSIVE;
				GCC_WARN_UNUSED_FUNCTION = YES;
				GCC_WARN_UNUSED_VARIABLE = YES;
				IPHONEOS_DEPLOYMENT_TARGET = 9.1;
				MTL_ENABLE_DEBUG_INFO = YES;
				ONLY_ACTIVE_ARCH = YES;
				SDKROOT = iphoneos;
				TARGETED_DEVICE_FAMILY = "1,2";
			};
			name = Debug;
		};
		8AD27AA71D34925700B87595 /* Release */ = {
			isa = XCBuildConfiguration;
			buildSettings = {
				ALWAYS_SEARCH_USER_PATHS = NO;
				CLANG_CXX_LANGUAGE_STANDARD = "gnu++0x";
				CLANG_CXX_LIBRARY = "libc++";
				CLANG_ENABLE_MODULES = YES;
				CLANG_ENABLE_OBJC_ARC = YES;
				CLANG_WARN_BOOL_CONVERSION = YES;
				CLANG_WARN_CONSTANT_CONVERSION = YES;
				CLANG_WARN_DIRECT_OBJC_ISA_USAGE = YES_ERROR;
				CLANG_WARN_EMPTY_BODY = YES;
				CLANG_WARN_ENUM_CONVERSION = YES;
				CLANG_WARN_INT_CONVERSION = YES;
				CLANG_WARN_OBJC_ROOT_CLASS = YES_ERROR;
				CLANG_WARN_UNREACHABLE_CODE = YES;
				CLANG_WARN__DUPLICATE_METHOD_MATCH = YES;
				"CODE_SIGN_IDENTITY[sdk=iphoneos*]" = "iPhone Developer";
				COPY_PHASE_STRIP = NO;
				DEBUG_INFORMATION_FORMAT = "dwarf-with-dsym";
				ENABLE_NS_ASSERTIONS = NO;
				ENABLE_STRICT_OBJC_MSGSEND = YES;
				GCC_C_LANGUAGE_STANDARD = gnu99;
				GCC_NO_COMMON_BLOCKS = YES;
				GCC_WARN_64_TO_32_BIT_CONVERSION = YES;
				GCC_WARN_ABOUT_RETURN_TYPE = YES_ERROR;
				GCC_WARN_UNDECLARED_SELECTOR = YES;
				GCC_WARN_UNINITIALIZED_AUTOS = YES_AGGRESSIVE;
				GCC_WARN_UNUSED_FUNCTION = YES;
				GCC_WARN_UNUSED_VARIABLE = YES;
				IPHONEOS_DEPLOYMENT_TARGET = 9.1;
				MTL_ENABLE_DEBUG_INFO = NO;
				SDKROOT = iphoneos;
				TARGETED_DEVICE_FAMILY = "1,2";
				VALIDATE_PRODUCT = YES;
			};
			name = Release;
		};
		8AD27AA91D34925700B87595 /* Debug */ = {
			isa = XCBuildConfiguration;
			buildSettings = {
				ASSETCATALOG_COMPILER_APPICON_NAME = AppIcon;
				INFOPLIST_FILE = "5.4-图片轮播器/Info.plist";
				LD_RUNPATH_SEARCH_PATHS = "$(inherited) @executable_path/Frameworks";
				PRODUCT_BUNDLE_IDENTIFIER = "com.lzj.--4------";
				PRODUCT_NAME = "$(TARGET_NAME)";
			};
			name = Debug;
		};
		8AD27AAA1D34925700B87595 /* Release */ = {
			isa = XCBuildConfiguration;
			buildSettings = {
				ASSETCATALOG_COMPILER_APPICON_NAME = AppIcon;
				INFOPLIST_FILE = "5.4-图片轮播器/Info.plist";
				LD_RUNPATH_SEARCH_PATHS = "$(inherited) @executable_path/Frameworks";
				PRODUCT_BUNDLE_IDENTIFIER = "com.lzj.--4------";
				PRODUCT_NAME = "$(TARGET_NAME)";
			};
			name = Release;
		};
		8AD27AAC1D34925700B87595 /* Debug */ = {
			isa = XCBuildConfiguration;
			buildSettings = {
				BUNDLE_LOADER = "$(TEST_HOST)";
				INFOPLIST_FILE = "5.4-图片轮播器Tests/Info.plist";
				LD_RUNPATH_SEARCH_PATHS = "$(inherited) @executable_path/Frameworks @loader_path/Frameworks";
				PRODUCT_BUNDLE_IDENTIFIER = "com.lzj.--4------Tests";
				PRODUCT_NAME = "$(TARGET_NAME)";
				TEST_HOST = "$(BUILT_PRODUCTS_DIR)/5.4-图片轮播器.app/5.4-图片轮播器";
			};
			name = Debug;
		};
		8AD27AAD1D34925700B87595 /* Release */ = {
			isa = XCBuildConfiguration;
			buildSettings = {
				BUNDLE_LOADER = "$(TEST_HOST)";
				INFOPLIST_FILE = "5.4-图片轮播器Tests/Info.plist";
				LD_RUNPATH_SEARCH_PATHS = "$(inherited) @executable_path/Frameworks @loader_path/Frameworks";
				PRODUCT_BUNDLE_IDENTIFIER = "com.lzj.--4------Tests";
				PRODUCT_NAME = "$(TARGET_NAME)";
				TEST_HOST = "$(BUILT_PRODUCTS_DIR)/5.4-图片轮播器.app/5.4-图片轮播器";
			};
			name = Release;
		};
		8AD27AAF1D34925700B87595 /* Debug */ = {
			isa = XCBuildConfiguration;
			buildSettings = {
				INFOPLIST_FILE = "5.4-图片轮播器UITests/Info.plist";
				LD_RUNPATH_SEARCH_PATHS = "$(inherited) @executable_path/Frameworks @loader_path/Frameworks";
				PRODUCT_BUNDLE_IDENTIFIER = "com.lzj.--4------UITests";
				PRODUCT_NAME = "$(TARGET_NAME)";
				TEST_TARGET_NAME = "5.4-图片轮播器";
				USES_XCTRUNNER = YES;
			};
			name = Debug;
		};
		8AD27AB01D34925700B87595 /* Release */ = {
			isa = XCBuildConfiguration;
			buildSettings = {
				INFOPLIST_FILE = "5.4-图片轮播器UITests/Info.plist";
				LD_RUNPATH_SEARCH_PATHS = "$(inherited) @executable_path/Frameworks @loader_path/Frameworks";
				PRODUCT_BUNDLE_IDENTIFIER = "com.lzj.--4------UITests";
				PRODUCT_NAME = "$(TARGET_NAME)";
				TEST_TARGET_NAME = "5.4-图片轮播器";
				USES_XCTRUNNER = YES;
			};
			name = Release;
		};
/* End XCBuildConfiguration section */

/* Begin XCConfigurationList section */
		8AD27A761D34925700B87595 /* Build configuration list for PBXProject "5.4-图片轮播器" */ = {
			isa = XCConfigurationList;
			buildConfigurations = (
				8AD27AA61D34925700B87595 /* Debug */,
				8AD27AA71D34925700B87595 /* Release */,
			);
			defaultConfigurationIsVisible = 0;
			defaultConfigurationName = Release;
		};
		8AD27AA81D34925700B87595 /* Build configuration list for PBXNativeTarget "5.4-图片轮播器" */ = {
			isa = XCConfigurationList;
			buildConfigurations = (
				8AD27AA91D34925700B87595 /* Debug */,
				8AD27AAA1D34925700B87595 /* Release */,
			);
			defaultConfigurationIsVisible = 0;
		};
		8AD27AAB1D34925700B87595 /* Build configuration list for PBXNativeTarget "5.4-图片轮播器Tests" */ = {
			isa = XCConfigurationList;
			buildConfigurations = (
				8AD27AAC1D34925700B87595 /* Debug */,
				8AD27AAD1D34925700B87595 /* Release */,
			);
			defaultConfigurationIsVisible = 0;
		};
		8AD27AAE1D34925700B87595 /* Build configuration list for PBXNativeTarget "5.4-图片轮播器UITests" */ = {
			isa = XCConfigurationList;
			buildConfigurations = (
				8AD27AAF1D34925700B87595 /* Debug */,
				8AD27AB01D34925700B87595 /* Release */,
			);
			defaultConfigurationIsVisible = 0;
		};
/* End XCConfigurationList section */
	};
	rootObject = 8AD27A731D34925700B87595 /* Project object */;
}
