// !$*UTF8*$!
{
	archiveVersion = 1;
	classes = {
	};
	objectVersion = 46;
	objects = {

/* Begin PBXBuildFile section */
		8A6EC21F1D3784AD0059108F /* main.m in Sources */ = {isa = PBXBuildFile; fileRef = 8A6EC21E1D3784AD0059108F /* main.m */; };
		8A6EC2221D3784AD0059108F /* AppDelegate.m in Sources */ = {isa = PBXBuildFile; fileRef = 8A6EC2211D3784AD0059108F /* AppDelegate.m */; };
		8A6EC2251D3784AD0059108F /* ViewController.m in Sources */ = {isa = PBXBuildFile; fileRef = 8A6EC2241D3784AD0059108F /* ViewController.m */; };
		8A6EC2281D3784AD0059108F /* Main.storyboard in Resources */ = {isa = PBXBuildFile; fileRef = 8A6EC2261D3784AD0059108F /* Main.storyboard */; };
		8A6EC22A1D3784AD0059108F /* Assets.xcassets in Resources */ = {isa = PBXBuildFile; fileRef = 8A6EC2291D3784AD0059108F /* Assets.xcassets */; };
		8A6EC22D1D3784AD0059108F /* LaunchScreen.storyboard in Resources */ = {isa = PBXBuildFile; fileRef = 8A6EC22B1D3784AD0059108F /* LaunchScreen.storyboard */; };
		8A6EC2381D3784AE0059108F /* __5_______02Tests.m in Sources */ = {isa = PBXBuildFile; fileRef = 8A6EC2371D3784AE0059108F /* __5_______02Tests.m */; };
		8A6EC2431D3784AE0059108F /* __5_______02UITests.m in Sources */ = {isa = PBXBuildFile; fileRef = 8A6EC2421D3784AE0059108F /* __5_______02UITests.m */; };
		8A6EC2511D3785800059108F /* cars_total.plist in Resources */ = {isa = PBXBuildFile; fileRef = 8A6EC2501D3785800059108F /* cars_total.plist */; };
		8A6EC25A1D378BF00059108F /* Car.m in Sources */ = {isa = PBXBuildFile; fileRef = 8A6EC2591D378BF00059108F /* Car.m */; };
		8A6EC25D1D378D1A0059108F /* Group.m in Sources */ = {isa = PBXBuildFile; fileRef = 8A6EC25C1D378D1A0059108F /* Group.m */; };
/* End PBXBuildFile section */

/* Begin PBXContainerItemProxy section */
		8A6EC2341D3784AE0059108F /* PBXContainerItemProxy */ = {
			isa = PBXContainerItemProxy;
			containerPortal = 8A6EC2121D3784AD0059108F /* Project object */;
			proxyType = 1;
			remoteGlobalIDString = 8A6EC2191D3784AD0059108F;
			remoteInfo = "6.5-汽车品牌展示02";
		};
		8A6EC23F1D3784AE0059108F /* PBXContainerItemProxy */ = {
			isa = PBXContainerItemProxy;
			containerPortal = 8A6EC2121D3784AD0059108F /* Project object */;
			proxyType = 1;
			remoteGlobalIDString = 8A6EC2191D3784AD0059108F;
			remoteInfo = "6.5-汽车品牌展示02";
		};
/* End PBXContainerItemProxy section */

/* Begin PBXFileReference section */
		8A6EC21A1D3784AD0059108F /* 6.5-汽车品牌展示02.app */ = {isa = PBXFileReference; explicitFileType = wrapper.application; includeInIndex = 0; path = "6.5-汽车品牌展示02.app"; sourceTree = BUILT_PRODUCTS_DIR; };
		8A6EC21E1D3784AD0059108F /* main.m */ = {isa = PBXFileReference; lastKnownFileType = sourcecode.c.objc; path = main.m; sourceTree = "<group>"; };
		8A6EC2201D3784AD0059108F /* AppDelegate.h */ = {isa = PBXFileReference; lastKnownFileType = sourcecode.c.h; path = AppDelegate.h; sourceTree = "<group>"; };
		8A6EC2211D3784AD0059108F /* AppDelegate.m */ = {isa = PBXFileReference; lastKnownFileType = sourcecode.c.objc; path = AppDelegate.m; sourceTree = "<group>"; };
		8A6EC2231D3784AD0059108F /* ViewController.h */ = {isa = PBXFileReference; lastKnownFileType = sourcecode.c.h; path = ViewController.h; sourceTree = "<group>"; };
		8A6EC2241D3784AD0059108F /* ViewController.m */ = {isa = PBXFileReference; lastKnownFileType = sourcecode.c.objc; path = ViewController.m; sourceTree = "<group>"; };
		8A6EC2271D3784AD0059108F /* Base */ = {isa = PBXFileReference; lastKnownFileType = file.storyboard; name = Base; path = Base.lproj/Main.storyboard; sourceTree = "<group>"; };
		8A6EC2291D3784AD0059108F /* Assets.xcassets */ = {isa = PBXFileReference; lastKnownFileType = folder.assetcatalog; path = Assets.xcassets; sourceTree = "<group>"; };
		8A6EC22C1D3784AD0059108F /* Base */ = {isa = PBXFileReference; lastKnownFileType = file.storyboard; name = Base; path = Base.lproj/LaunchScreen.storyboard; sourceTree = "<group>"; };
		8A6EC22E1D3784AD0059108F /* Info.plist */ = {isa = PBXFileReference; lastKnownFileType = text.plist.xml; path = Info.plist; sourceTree = "<group>"; };
		8A6EC2331D3784AE0059108F /* 6.5-汽车品牌展示02Tests.xctest */ = {isa = PBXFileReference; explicitFileType = wrapper.cfbundle; includeInIndex = 0; path = "6.5-汽车品牌展示02Tests.xctest"; sourceTree = BUILT_PRODUCTS_DIR; };
		8A6EC2371D3784AE0059108F /* __5_______02Tests.m */ = {isa = PBXFileReference; lastKnownFileType = sourcecode.c.objc; path = "__5_______02Tests.m"; sourceTree = "<group>"; };
		8A6EC2391D3784AE0059108F /* Info.plist */ = {isa = PBXFileReference; lastKnownFileType = text.plist.xml; path = Info.plist; sourceTree = "<group>"; };
		8A6EC23E1D3784AE0059108F /* 6.5-汽车品牌展示02UITests.xctest */ = {isa = PBXFileReference; explicitFileType = wrapper.cfbundle; includeInIndex = 0; path = "6.5-汽车品牌展示02UITests.xctest"; sourceTree = BUILT_PRODUCTS_DIR; };
		8A6EC2421D3784AE0059108F /* __5_______02UITests.m */ = {isa = PBXFileReference; lastKnownFileType = sourcecode.c.objc; path = "__5_______02UITests.m"; sourceTree = "<group>"; };
		8A6EC2441D3784AE0059108F /* Info.plist */ = {isa = PBXFileReference; lastKnownFileType = text.plist.xml; path = Info.plist; sourceTree = "<group>"; };
		8A6EC2501D3785800059108F /* cars_total.plist */ = {isa = PBXFileReference; fileEncoding = 4; lastKnownFileType = text.plist.xml; path = cars_total.plist; sourceTree = "<group>"; };
		8A6EC2581D378BF00059108F /* Car.h */ = {isa = PBXFileReference; fileEncoding = 4; lastKnownFileType = sourcecode.c.h; path = Car.h; sourceTree = "<group>"; };
		8A6EC2591D378BF00059108F /* Car.m */ = {isa = PBXFileReference; fileEncoding = 4; lastKnownFileType = sourcecode.c.objc; path = Car.m; sourceTree = "<group>"; };
		8A6EC25B1D378D1A0059108F /* Group.h */ = {isa = PBXFileReference; fileEncoding = 4; lastKnownFileType = sourcecode.c.h; path = Group.h; sourceTree = "<group>"; };
		8A6EC25C1D378D1A0059108F /* Group.m */ = {isa = PBXFileReference; fileEncoding = 4; lastKnownFileType = sourcecode.c.objc; path = Group.m; sourceTree = "<group>"; };
/* End PBXFileReference section */

/* Begin PBXFrameworksBuildPhase section */
		8A6EC2171D3784AD0059108F /* Frameworks */ = {
			isa = PBXFrameworksBuildPhase;
			buildActionMask = 2147483647;
			files = (
			);
			runOnlyForDeploymentPostprocessing = 0;
		};
		8A6EC2301D3784AE0059108F /* Frameworks */ = {
			isa = PBXFrameworksBuildPhase;
			buildActionMask = 2147483647;
			files = (
			);
			runOnlyForDeploymentPostprocessing = 0;
		};
		8A6EC23B1D3784AE0059108F /* Frameworks */ = {
			isa = PBXFrameworksBuildPhase;
			buildActionMask = 2147483647;
			files = (
			);
			runOnlyForDeploymentPostprocessing = 0;
		};
/* End PBXFrameworksBuildPhase section */

/* Begin PBXGroup section */
		8A6EC2111D3784AD0059108F = {
			isa = PBXGroup;
			children = (
				8A6EC21C1D3784AD0059108F /* 6.5-汽车品牌展示02 */,
				8A6EC2361D3784AE0059108F /* 6.5-汽车品牌展示02Tests */,
				8A6EC2411D3784AE0059108F /* 6.5-汽车品牌展示02UITests */,
				8A6EC21B1D3784AD0059108F /* Products */,
			);
			sourceTree = "<group>";
		};
		8A6EC21B1D3784AD0059108F /* Products */ = {
			isa = PBXGroup;
			children = (
				8A6EC21A1D3784AD0059108F /* 6.5-汽车品牌展示02.app */,
				8A6EC2331D3784AE0059108F /* 6.5-汽车品牌展示02Tests.xctest */,
				8A6EC23E1D3784AE0059108F /* 6.5-汽车品牌展示02UITests.xctest */,
			);
			name = Products;
			sourceTree = "<group>";
		};
		8A6EC21C1D3784AD0059108F /* 6.5-汽车品牌展示02 */ = {
			isa = PBXGroup;
			children = (
				8A6EC2201D3784AD0059108F /* AppDelegate.h */,
				8A6EC2211D3784AD0059108F /* AppDelegate.m */,
				8A6EC2231D3784AD0059108F /* ViewController.h */,
				8A6EC2241D3784AD0059108F /* ViewController.m */,
				8A6EC2261D3784AD0059108F /* Main.storyboard */,
				8A6EC2291D3784AD0059108F /* Assets.xcassets */,
				8A6EC22B1D3784AD0059108F /* LaunchScreen.storyboard */,
				8A6EC22E1D3784AD0059108F /* Info.plist */,
				8A6EC2501D3785800059108F /* cars_total.plist */,
				8A6EC21D1D3784AD0059108F /* Supporting Files */,
				8A6EC2581D378BF00059108F /* Car.h */,
				8A6EC2591D378BF00059108F /* Car.m */,
				8A6EC25B1D378D1A0059108F /* Group.h */,
				8A6EC25C1D378D1A0059108F /* Group.m */,
			);
			path = "6.5-汽车品牌展示02";
			sourceTree = "<group>";
		};
		8A6EC21D1D3784AD0059108F /* Supporting Files */ = {
			isa = PBXGroup;
			children = (
				8A6EC21E1D3784AD0059108F /* main.m */,
			);
			name = "Supporting Files";
			sourceTree = "<group>";
		};
		8A6EC2361D3784AE0059108F /* 6.5-汽车品牌展示02Tests */ = {
			isa = PBXGroup;
			children = (
				8A6EC2371D3784AE0059108F /* __5_______02Tests.m */,
				8A6EC2391D3784AE0059108F /* Info.plist */,
			);
			path = "6.5-汽车品牌展示02Tests";
			sourceTree = "<group>";
		};
		8A6EC2411D3784AE0059108F /* 6.5-汽车品牌展示02UITests */ = {
			isa = PBXGroup;
			children = (
				8A6EC2421D3784AE0059108F /* __5_______02UITests.m */,
				8A6EC2441D3784AE0059108F /* Info.plist */,
			);
			path = "6.5-汽车品牌展示02UITests";
			sourceTree = "<group>";
		};
/* End PBXGroup section */

/* Begin PBXNativeTarget section */
		8A6EC2191D3784AD0059108F /* 6.5-汽车品牌展示02 */ = {
			isa = PBXNativeTarget;
			buildConfigurationList = 8A6EC2471D3784AE0059108F /* Build configuration list for PBXNativeTarget "6.5-汽车品牌展示02" */;
			buildPhases = (
				8A6EC2161D3784AD0059108F /* Sources */,
				8A6EC2171D3784AD0059108F /* Frameworks */,
				8A6EC2181D3784AD0059108F /* Resources */,
			);
			buildRules = (
			);
			dependencies = (
			);
			name = "6.5-汽车品牌展示02";
			productName = "6.5-汽车品牌展示02";
			productReference = 8A6EC21A1D3784AD0059108F /* 6.5-汽车品牌展示02.app */;
			productType = "com.apple.product-type.application";
		};
		8A6EC2321D3784AE0059108F /* 6.5-汽车品牌展示02Tests */ = {
			isa = PBXNativeTarget;
			buildConfigurationList = 8A6EC24A1D3784AE0059108F /* Build configuration list for PBXNativeTarget "6.5-汽车品牌展示02Tests" */;
			buildPhases = (
				8A6EC22F1D3784AE0059108F /* Sources */,
				8A6EC2301D3784AE0059108F /* Frameworks */,
				8A6EC2311D3784AE0059108F /* Resources */,
			);
			buildRules = (
			);
			dependencies = (
				8A6EC2351D3784AE0059108F /* PBXTargetDependency */,
			);
			name = "6.5-汽车品牌展示02Tests";
			productName = "6.5-汽车品牌展示02Tests";
			productReference = 8A6EC2331D3784AE0059108F /* 6.5-汽车品牌展示02Tests.xctest */;
			productType = "com.apple.product-type.bundle.unit-test";
		};
		8A6EC23D1D3784AE0059108F /* 6.5-汽车品牌展示02UITests */ = {
			isa = PBXNativeTarget;
			buildConfigurationList = 8A6EC24D1D3784AE0059108F /* Build configuration list for PBXNativeTarget "6.5-汽车品牌展示02UITests" */;
			buildPhases = (
				8A6EC23A1D3784AE0059108F /* Sources */,
				8A6EC23B1D3784AE0059108F /* Frameworks */,
				8A6EC23C1D3784AE0059108F /* Resources */,
			);
			buildRules = (
			);
			dependencies = (
				8A6EC2401D3784AE0059108F /* PBXTargetDependency */,
			);
			name = "6.5-汽车品牌展示02UITests";
			productName = "6.5-汽车品牌展示02UITests";
			productReference = 8A6EC23E1D3784AE0059108F /* 6.5-汽车品牌展示02UITests.xctest */;
			productType = "com.apple.product-type.bundle.ui-testing";
		};
/* End PBXNativeTarget section */

/* Begin PBXProject section */
		8A6EC2121D3784AD0059108F /* Project object */ = {
			isa = PBXProject;
			attributes = {
				LastUpgradeCheck = 0710;
				ORGANIZATIONNAME = lzj;
				TargetAttributes = {
					8A6EC2191D3784AD0059108F = {
						CreatedOnToolsVersion = 7.1;
					};
					8A6EC2321D3784AE0059108F = {
						CreatedOnToolsVersion = 7.1;
						TestTargetID = 8A6EC2191D3784AD0059108F;
					};
					8A6EC23D1D3784AE0059108F = {
						CreatedOnToolsVersion = 7.1;
						TestTargetID = 8A6EC2191D3784AD0059108F;
					};
				};
			};
			buildConfigurationList = 8A6EC2151D3784AD0059108F /* Build configuration list for PBXProject "6.5-汽车品牌展示02" */;
			compatibilityVersion = "Xcode 3.2";
			developmentRegion = English;
			hasScannedForEncodings = 0;
			knownRegions = (
				en,
				Base,
			);
			mainGroup = 8A6EC2111D3784AD0059108F;
			productRefGroup = 8A6EC21B1D3784AD0059108F /* Products */;
			projectDirPath = "";
			projectRoot = "";
			targets = (
				8A6EC2191D3784AD0059108F /* 6.5-汽车品牌展示02 */,
				8A6EC2321D3784AE0059108F /* 6.5-汽车品牌展示02Tests */,
				8A6EC23D1D3784AE0059108F /* 6.5-汽车品牌展示02UITests */,
			);
		};
/* End PBXProject section */

/* Begin PBXResourcesBuildPhase section */
		8A6EC2181D3784AD0059108F /* Resources */ = {
			isa = PBXResourcesBuildPhase;
			buildActionMask = 2147483647;
			files = (
				8A6EC22D1D3784AD0059108F /* LaunchScreen.storyboard in Resources */,
				8A6EC22A1D3784AD0059108F /* Assets.xcassets in Resources */,
				8A6EC2511D3785800059108F /* cars_total.plist in Resources */,
				8A6EC2281D3784AD0059108F /* Main.storyboard in Resources */,
			);
			runOnlyForDeploymentPostprocessing = 0;
		};
		8A6EC2311D3784AE0059108F /* Resources */ = {
			isa = PBXResourcesBuildPhase;
			buildActionMask = 2147483647;
			files = (
			);
			runOnlyForDeploymentPostprocessing = 0;
		};
		8A6EC23C1D3784AE0059108F /* Resources */ = {
			isa = PBXResourcesBuildPhase;
			buildActionMask = 2147483647;
			files = (
			);
			runOnlyForDeploymentPostprocessing = 0;
		};
/* End PBXResourcesBuildPhase section */

/* Begin PBXSourcesBuildPhase section */
		8A6EC2161D3784AD0059108F /* Sources */ = {
			isa = PBXSourcesBuildPhase;
			buildActionMask = 2147483647;
			files = (
				8A6EC2251D3784AD0059108F /* ViewController.m in Sources */,
				8A6EC2221D3784AD0059108F /* AppDelegate.m in Sources */,
				8A6EC25D1D378D1A0059108F /* Group.m in Sources */,
				8A6EC25A1D378BF00059108F /* Car.m in Sources */,
				8A6EC21F1D3784AD0059108F /* main.m in Sources */,
			);
			runOnlyForDeploymentPostprocessing = 0;
		};
		8A6EC22F1D3784AE0059108F /* Sources */ = {
			isa = PBXSourcesBuildPhase;
			buildActionMask = 2147483647;
			files = (
				8A6EC2381D3784AE0059108F /* __5_______02Tests.m in Sources */,
			);
			runOnlyForDeploymentPostprocessing = 0;
		};
		8A6EC23A1D3784AE0059108F /* Sources */ = {
			isa = PBXSourcesBuildPhase;
			buildActionMask = 2147483647;
			files = (
				8A6EC2431D3784AE0059108F /* __5_______02UITests.m in Sources */,
			);
			runOnlyForDeploymentPostprocessing = 0;
		};
/* End PBXSourcesBuildPhase section */

/* Begin PBXTargetDependency section */
		8A6EC2351D3784AE0059108F /* PBXTargetDependency */ = {
			isa = PBXTargetDependency;
			target = 8A6EC2191D3784AD0059108F /* 6.5-汽车品牌展示02 */;
			targetProxy = 8A6EC2341D3784AE0059108F /* PBXContainerItemProxy */;
		};
		8A6EC2401D3784AE0059108F /* PBXTargetDependency */ = {
			isa = PBXTargetDependency;
			target = 8A6EC2191D3784AD0059108F /* 6.5-汽车品牌展示02 */;
			targetProxy = 8A6EC23F1D3784AE0059108F /* PBXContainerItemProxy */;
		};
/* End PBXTargetDependency section */

/* Begin PBXVariantGroup section */
		8A6EC2261D3784AD0059108F /* Main.storyboard */ = {
			isa = PBXVariantGroup;
			children = (
				8A6EC2271D3784AD0059108F /* Base */,
			);
			name = Main.storyboard;
			sourceTree = "<group>";
		};
		8A6EC22B1D3784AD0059108F /* LaunchScreen.storyboard */ = {
			isa = PBXVariantGroup;
			children = (
				8A6EC22C1D3784AD0059108F /* Base */,
			);
			name = LaunchScreen.storyboard;
			sourceTree = "<group>";
		};
/* End PBXVariantGroup section */

/* Begin XCBuildConfiguration section */
		8A6EC2451D3784AE0059108F /* Debug */ = {
			isa = XCBuildConfiguration;
			buildSettings = {
				ALWAYS_SEARCH_USER_PATHS = NO;
				CLANG_CXX_LANGUAGE_STANDARD = "gnu++0x";
				CLANG_CXX_LIBRARY = "libc++";
				CLANG_ENABLE_MODULES = YES;
				CLANG_ENABLE_OBJC_ARC = YES;
				CLANG_WARN_BOOL_CONVERSION = YES;
				CLANG_WARN_CONSTANT_CONVERSION = YES;
				CLANG_WARN_DIRECT_OBJC_ISA_USAGE = YES_ERROR;
				CLANG_WARN_EMPTY_BODY = YES;
				CLANG_WARN_ENUM_CONVERSION = YES;
				CLANG_WARN_INT_CONVERSION = YES;
				CLANG_WARN_OBJC_ROOT_CLASS = YES_ERROR;
				CLANG_WARN_UNREACHABLE_CODE = YES;
				CLANG_WARN__DUPLICATE_METHOD_MATCH = YES;
				"CODE_SIGN_IDENTITY[sdk=iphoneos*]" = "iPhone Developer";
				COPY_PHASE_STRIP = NO;
				DEBUG_INFORMATION_FORMAT = dwarf;
				ENABLE_STRICT_OBJC_MSGSEND = YES;
				ENABLE_TESTABILITY = YES;
				GCC_C_LANGUAGE_STANDARD = gnu99;
				GCC_DYNAMIC_NO_PIC = NO;
				GCC_NO_COMMON_BLOCKS = YES;
				GCC_OPTIMIZATION_LEVEL = 0;
				GCC_PREPROCESSOR_DEFINITIONS = (
					"DEBUG=1",
					"$(inherited)",
				);
				GCC_WARN_64_TO_32_BIT_CONVERSION = YES;
				GCC_WARN_ABOUT_RETURN_TYPE = YES_ERROR;
				GCC_WARN_UNDECLARED_SELECTOR = YES;
				GCC_WARN_UNINITIALIZED_AUTOS = YES_AGGRESSIVE;
				GCC_WARN_UNUSED_FUNCTION = YES;
				GCC_WARN_UNUSED_VARIABLE = YES;
				IPHONEOS_DEPLOYMENT_TARGET = 9.1;
				MTL_ENABLE_DEBUG_INFO = YES;
				ONLY_ACTIVE_ARCH = YES;
				SDKROOT = iphoneos;
				TARGETED_DEVICE_FAMILY = "1,2";
			};
			name = Debug;
		};
		8A6EC2461D3784AE0059108F /* Release */ = {
			isa = XCBuildConfiguration;
			buildSettings = {
				ALWAYS_SEARCH_USER_PATHS = NO;
				CLANG_CXX_LANGUAGE_STANDARD = "gnu++0x";
				CLANG_CXX_LIBRARY = "libc++";
				CLANG_ENABLE_MODULES = YES;
				CLANG_ENABLE_OBJC_ARC = YES;
				CLANG_WARN_BOOL_CONVERSION = YES;
				CLANG_WARN_CONSTANT_CONVERSION = YES;
				CLANG_WARN_DIRECT_OBJC_ISA_USAGE = YES_ERROR;
				CLANG_WARN_EMPTY_BODY = YES;
				CLANG_WARN_ENUM_CONVERSION = YES;
				CLANG_WARN_INT_CONVERSION = YES;
				CLANG_WARN_OBJC_ROOT_CLASS = YES_ERROR;
				CLANG_WARN_UNREACHABLE_CODE = YES;
				CLANG_WARN__DUPLICATE_METHOD_MATCH = YES;
				"CODE_SIGN_IDENTITY[sdk=iphoneos*]" = "iPhone Developer";
				COPY_PHASE_STRIP = NO;
				DEBUG_INFORMATION_FORMAT = "dwarf-with-dsym";
				ENABLE_NS_ASSERTIONS = NO;
				ENABLE_STRICT_OBJC_MSGSEND = YES;
				GCC_C_LANGUAGE_STANDARD = gnu99;
				GCC_NO_COMMON_BLOCKS = YES;
				GCC_WARN_64_TO_32_BIT_CONVERSION = YES;
				GCC_WARN_ABOUT_RETURN_TYPE = YES_ERROR;
				GCC_WARN_UNDECLARED_SELECTOR = YES;
				GCC_WARN_UNINITIALIZED_AUTOS = YES_AGGRESSIVE;
				GCC_WARN_UNUSED_FUNCTION = YES;
				GCC_WARN_UNUSED_VARIABLE = YES;
				IPHONEOS_DEPLOYMENT_TARGET = 9.1;
				MTL_ENABLE_DEBUG_INFO = NO;
				SDKROOT = iphoneos;
				TARGETED_DEVICE_FAMILY = "1,2";
				VALIDATE_PRODUCT = YES;
			};
			name = Release;
		};
		8A6EC2481D3784AE0059108F /* Debug */ = {
			isa = XCBuildConfiguration;
			buildSettings = {
				ASSETCATALOG_COMPILER_APPICON_NAME = AppIcon;
				INFOPLIST_FILE = "6.5-汽车品牌展示02/Info.plist";
				LD_RUNPATH_SEARCH_PATHS = "$(inherited) @executable_path/Frameworks";
				PRODUCT_BUNDLE_IDENTIFIER = "com.lzj.--5-------02";
				PRODUCT_NAME = "$(TARGET_NAME)";
			};
			name = Debug;
		};
		8A6EC2491D3784AE0059108F /* Release */ = {
			isa = XCBuildConfiguration;
			buildSettings = {
				ASSETCATALOG_COMPILER_APPICON_NAME = AppIcon;
				INFOPLIST_FILE = "6.5-汽车品牌展示02/Info.plist";
				LD_RUNPATH_SEARCH_PATHS = "$(inherited) @executable_path/Frameworks";
				PRODUCT_BUNDLE_IDENTIFIER = "com.lzj.--5-------02";
				PRODUCT_NAME = "$(TARGET_NAME)";
			};
			name = Release;
		};
		8A6EC24B1D3784AE0059108F /* Debug */ = {
			isa = XCBuildConfiguration;
			buildSettings = {
				BUNDLE_LOADER = "$(TEST_HOST)";
				INFOPLIST_FILE = "6.5-汽车品牌展示02Tests/Info.plist";
				LD_RUNPATH_SEARCH_PATHS = "$(inherited) @executable_path/Frameworks @loader_path/Frameworks";
				PRODUCT_BUNDLE_IDENTIFIER = "com.lzj.--5-------02Tests";
				PRODUCT_NAME = "$(TARGET_NAME)";
				TEST_HOST = "$(BUILT_PRODUCTS_DIR)/6.5-汽车品牌展示02.app/6.5-汽车品牌展示02";
			};
			name = Debug;
		};
		8A6EC24C1D3784AE0059108F /* Release */ = {
			isa = XCBuildConfiguration;
			buildSettings = {
				BUNDLE_LOADER = "$(TEST_HOST)";
				INFOPLIST_FILE = "6.5-汽车品牌展示02Tests/Info.plist";
				LD_RUNPATH_SEARCH_PATHS = "$(inherited) @executable_path/Frameworks @loader_path/Frameworks";
				PRODUCT_BUNDLE_IDENTIFIER = "com.lzj.--5-------02Tests";
				PRODUCT_NAME = "$(TARGET_NAME)";
				TEST_HOST = "$(BUILT_PRODUCTS_DIR)/6.5-汽车品牌展示02.app/6.5-汽车品牌展示02";
			};
			name = Release;
		};
		8A6EC24E1D3784AE0059108F /* Debug */ = {
			isa = XCBuildConfiguration;
			buildSettings = {
				INFOPLIST_FILE = "6.5-汽车品牌展示02UITests/Info.plist";
				LD_RUNPATH_SEARCH_PATHS = "$(inherited) @executable_path/Frameworks @loader_path/Frameworks";
				PRODUCT_BUNDLE_IDENTIFIER = "com.lzj.--5-------02UITests";
				PRODUCT_NAME = "$(TARGET_NAME)";
				TEST_TARGET_NAME = "6.5-汽车品牌展示02";
				USES_XCTRUNNER = YES;
			};
			name = Debug;
		};
		8A6EC24F1D3784AE0059108F /* Release */ = {
			isa = XCBuildConfiguration;
			buildSettings = {
				INFOPLIST_FILE = "6.5-汽车品牌展示02UITests/Info.plist";
				LD_RUNPATH_SEARCH_PATHS = "$(inherited) @executable_path/Frameworks @loader_path/Frameworks";
				PRODUCT_BUNDLE_IDENTIFIER = "com.lzj.--5-------02UITests";
				PRODUCT_NAME = "$(TARGET_NAME)";
				TEST_TARGET_NAME = "6.5-汽车品牌展示02";
				USES_XCTRUNNER = YES;
			};
			name = Release;
		};
/* End XCBuildConfiguration section */

/* Begin XCConfigurationList section */
		8A6EC2151D3784AD0059108F /* Build configuration list for PBXProject "6.5-汽车品牌展示02" */ = {
			isa = XCConfigurationList;
			buildConfigurations = (
				8A6EC2451D3784AE0059108F /* Debug */,
				8A6EC2461D3784AE0059108F /* Release */,
			);
			defaultConfigurationIsVisible = 0;
			defaultConfigurationName = Release;
		};
		8A6EC2471D3784AE0059108F /* Build configuration list for PBXNativeTarget "6.5-汽车品牌展示02" */ = {
			isa = XCConfigurationList;
			buildConfigurations = (
				8A6EC2481D3784AE0059108F /* Debug */,
				8A6EC2491D3784AE0059108F /* Release */,
			);
			defaultConfigurationIsVisible = 0;
		};
		8A6EC24A1D3784AE0059108F /* Build configuration list for PBXNativeTarget "6.5-汽车品牌展示02Tests" */ = {
			isa = XCConfigurationList;
			buildConfigurations = (
				8A6EC24B1D3784AE0059108F /* Debug */,
				8A6EC24C1D3784AE0059108F /* Release */,
			);
			defaultConfigurationIsVisible = 0;
		};
		8A6EC24D1D3784AE0059108F /* Build configuration list for PBXNativeTarget "6.5-汽车品牌展示02UITests" */ = {
			isa = XCConfigurationList;
			buildConfigurations = (
				8A6EC24E1D3784AE0059108F /* Debug */,
				8A6EC24F1D3784AE0059108F /* Release */,
			);
			defaultConfigurationIsVisible = 0;
		};
/* End XCConfigurationList section */
	};
	rootObject = 8A6EC2121D3784AD0059108F /* Project object */;
}
