// !$*UTF8*$!
{
	archiveVersion = 1;
	classes = {
	};
	objectVersion = 46;
	objects = {

/* Begin PBXBuildFile section */
		8A447AB41CAA24C4005D1396 /* main.m in Sources */ = {isa = PBXBuildFile; fileRef = 8A447AB31CAA24C4005D1396 /* main.m */; };
		8A447AB71CAA24C4005D1396 /* AppDelegate.m in Sources */ = {isa = PBXBuildFile; fileRef = 8A447AB61CAA24C4005D1396 /* AppDelegate.m */; };
		8A447ABA1CAA24C4005D1396 /* ViewController.m in Sources */ = {isa = PBXBuildFile; fileRef = 8A447AB91CAA24C4005D1396 /* ViewController.m */; };
		8A447ABD1CAA24C4005D1396 /* Main.storyboard in Resources */ = {isa = PBXBuildFile; fileRef = 8A447ABB1CAA24C4005D1396 /* Main.storyboard */; };
		8A447ABF1CAA24C4005D1396 /* Assets.xcassets in Resources */ = {isa = PBXBuildFile; fileRef = 8A447ABE1CAA24C4005D1396 /* Assets.xcassets */; };
		8A447AC21CAA24C4005D1396 /* LaunchScreen.storyboard in Resources */ = {isa = PBXBuildFile; fileRef = 8A447AC01CAA24C4005D1396 /* LaunchScreen.storyboard */; };
		8A447ACD1CAA24C4005D1396 /* _1qq__Tests.m in Sources */ = {isa = PBXBuildFile; fileRef = 8A447ACC1CAA24C4005D1396 /* _1qq__Tests.m */; };
		8A447AD81CAA24C4005D1396 /* _1qq__UITests.m in Sources */ = {isa = PBXBuildFile; fileRef = 8A447AD71CAA24C4005D1396 /* _1qq__UITests.m */; };
/* End PBXBuildFile section */

/* Begin PBXContainerItemProxy section */
		8A447AC91CAA24C4005D1396 /* PBXContainerItemProxy */ = {
			isa = PBXContainerItemProxy;
			containerPortal = 8A447AA71CAA24C4005D1396 /* Project object */;
			proxyType = 1;
			remoteGlobalIDString = 8A447AAE1CAA24C4005D1396;
			remoteInfo = "01qq登陆";
		};
		8A447AD41CAA24C4005D1396 /* PBXContainerItemProxy */ = {
			isa = PBXContainerItemProxy;
			containerPortal = 8A447AA71CAA24C4005D1396 /* Project object */;
			proxyType = 1;
			remoteGlobalIDString = 8A447AAE1CAA24C4005D1396;
			remoteInfo = "01qq登陆";
		};
/* End PBXContainerItemProxy section */

/* Begin PBXFileReference section */
		8A447AAF1CAA24C4005D1396 /* 01qq登陆.app */ = {isa = PBXFileReference; explicitFileType = wrapper.application; includeInIndex = 0; path = "01qq登陆.app"; sourceTree = BUILT_PRODUCTS_DIR; };
		8A447AB31CAA24C4005D1396 /* main.m */ = {isa = PBXFileReference; lastKnownFileType = sourcecode.c.objc; path = main.m; sourceTree = "<group>"; };
		8A447AB51CAA24C4005D1396 /* AppDelegate.h */ = {isa = PBXFileReference; lastKnownFileType = sourcecode.c.h; path = AppDelegate.h; sourceTree = "<group>"; };
		8A447AB61CAA24C4005D1396 /* AppDelegate.m */ = {isa = PBXFileReference; lastKnownFileType = sourcecode.c.objc; path = AppDelegate.m; sourceTree = "<group>"; };
		8A447AB81CAA24C4005D1396 /* ViewController.h */ = {isa = PBXFileReference; lastKnownFileType = sourcecode.c.h; path = ViewController.h; sourceTree = "<group>"; };
		8A447AB91CAA24C4005D1396 /* ViewController.m */ = {isa = PBXFileReference; lastKnownFileType = sourcecode.c.objc; path = ViewController.m; sourceTree = "<group>"; };
		8A447ABC1CAA24C4005D1396 /* Base */ = {isa = PBXFileReference; lastKnownFileType = file.storyboard; name = Base; path = Base.lproj/Main.storyboard; sourceTree = "<group>"; };
		8A447ABE1CAA24C4005D1396 /* Assets.xcassets */ = {isa = PBXFileReference; lastKnownFileType = folder.assetcatalog; path = Assets.xcassets; sourceTree = "<group>"; };
		8A447AC11CAA24C4005D1396 /* Base */ = {isa = PBXFileReference; lastKnownFileType = file.storyboard; name = Base; path = Base.lproj/LaunchScreen.storyboard; sourceTree = "<group>"; };
		8A447AC31CAA24C4005D1396 /* Info.plist */ = {isa = PBXFileReference; lastKnownFileType = text.plist.xml; path = Info.plist; sourceTree = "<group>"; };
		8A447AC81CAA24C4005D1396 /* 01qq登陆Tests.xctest */ = {isa = PBXFileReference; explicitFileType = wrapper.cfbundle; includeInIndex = 0; path = "01qq登陆Tests.xctest"; sourceTree = BUILT_PRODUCTS_DIR; };
		8A447ACC1CAA24C4005D1396 /* _1qq__Tests.m */ = {isa = PBXFileReference; lastKnownFileType = sourcecode.c.objc; path = _1qq__Tests.m; sourceTree = "<group>"; };
		8A447ACE1CAA24C4005D1396 /* Info.plist */ = {isa = PBXFileReference; lastKnownFileType = text.plist.xml; path = Info.plist; sourceTree = "<group>"; };
		8A447AD31CAA24C4005D1396 /* 01qq登陆UITests.xctest */ = {isa = PBXFileReference; explicitFileType = wrapper.cfbundle; includeInIndex = 0; path = "01qq登陆UITests.xctest"; sourceTree = BUILT_PRODUCTS_DIR; };
		8A447AD71CAA24C4005D1396 /* _1qq__UITests.m */ = {isa = PBXFileReference; lastKnownFileType = sourcecode.c.objc; path = _1qq__UITests.m; sourceTree = "<group>"; };
		8A447AD91CAA24C4005D1396 /* Info.plist */ = {isa = PBXFileReference; lastKnownFileType = text.plist.xml; path = Info.plist; sourceTree = "<group>"; };
/* End PBXFileReference section */

/* Begin PBXFrameworksBuildPhase section */
		8A447AAC1CAA24C4005D1396 /* Frameworks */ = {
			isa = PBXFrameworksBuildPhase;
			buildActionMask = 2147483647;
			files = (
			);
			runOnlyForDeploymentPostprocessing = 0;
		};
		8A447AC51CAA24C4005D1396 /* Frameworks */ = {
			isa = PBXFrameworksBuildPhase;
			buildActionMask = 2147483647;
			files = (
			);
			runOnlyForDeploymentPostprocessing = 0;
		};
		8A447AD01CAA24C4005D1396 /* Frameworks */ = {
			isa = PBXFrameworksBuildPhase;
			buildActionMask = 2147483647;
			files = (
			);
			runOnlyForDeploymentPostprocessing = 0;
		};
/* End PBXFrameworksBuildPhase section */

/* Begin PBXGroup section */
		8A447AA61CAA24C4005D1396 = {
			isa = PBXGroup;
			children = (
				8A447AB11CAA24C4005D1396 /* 01qq登陆 */,
				8A447ACB1CAA24C4005D1396 /* 01qq登陆Tests */,
				8A447AD61CAA24C4005D1396 /* 01qq登陆UITests */,
				8A447AB01CAA24C4005D1396 /* Products */,
			);
			sourceTree = "<group>";
		};
		8A447AB01CAA24C4005D1396 /* Products */ = {
			isa = PBXGroup;
			children = (
				8A447AAF1CAA24C4005D1396 /* 01qq登陆.app */,
				8A447AC81CAA24C4005D1396 /* 01qq登陆Tests.xctest */,
				8A447AD31CAA24C4005D1396 /* 01qq登陆UITests.xctest */,
			);
			name = Products;
			sourceTree = "<group>";
		};
		8A447AB11CAA24C4005D1396 /* 01qq登陆 */ = {
			isa = PBXGroup;
			children = (
				8A447AB51CAA24C4005D1396 /* AppDelegate.h */,
				8A447AB61CAA24C4005D1396 /* AppDelegate.m */,
				8A447AB81CAA24C4005D1396 /* ViewController.h */,
				8A447AB91CAA24C4005D1396 /* ViewController.m */,
				8A447ABB1CAA24C4005D1396 /* Main.storyboard */,
				8A447ABE1CAA24C4005D1396 /* Assets.xcassets */,
				8A447AC01CAA24C4005D1396 /* LaunchScreen.storyboard */,
				8A447AC31CAA24C4005D1396 /* Info.plist */,
				8A447AB21CAA24C4005D1396 /* Supporting Files */,
			);
			path = "01qq登陆";
			sourceTree = "<group>";
		};
		8A447AB21CAA24C4005D1396 /* Supporting Files */ = {
			isa = PBXGroup;
			children = (
				8A447AB31CAA24C4005D1396 /* main.m */,
			);
			name = "Supporting Files";
			sourceTree = "<group>";
		};
		8A447ACB1CAA24C4005D1396 /* 01qq登陆Tests */ = {
			isa = PBXGroup;
			children = (
				8A447ACC1CAA24C4005D1396 /* _1qq__Tests.m */,
				8A447ACE1CAA24C4005D1396 /* Info.plist */,
			);
			path = "01qq登陆Tests";
			sourceTree = "<group>";
		};
		8A447AD61CAA24C4005D1396 /* 01qq登陆UITests */ = {
			isa = PBXGroup;
			children = (
				8A447AD71CAA24C4005D1396 /* _1qq__UITests.m */,
				8A447AD91CAA24C4005D1396 /* Info.plist */,
			);
			path = "01qq登陆UITests";
			sourceTree = "<group>";
		};
/* End PBXGroup section */

/* Begin PBXNativeTarget section */
		8A447AAE1CAA24C4005D1396 /* 01qq登陆 */ = {
			isa = PBXNativeTarget;
			buildConfigurationList = 8A447ADC1CAA24C4005D1396 /* Build configuration list for PBXNativeTarget "01qq登陆" */;
			buildPhases = (
				8A447AAB1CAA24C4005D1396 /* Sources */,
				8A447AAC1CAA24C4005D1396 /* Frameworks */,
				8A447AAD1CAA24C4005D1396 /* Resources */,
			);
			buildRules = (
			);
			dependencies = (
			);
			name = "01qq登陆";
			productName = "01qq登陆";
			productReference = 8A447AAF1CAA24C4005D1396 /* 01qq登陆.app */;
			productType = "com.apple.product-type.application";
		};
		8A447AC71CAA24C4005D1396 /* 01qq登陆Tests */ = {
			isa = PBXNativeTarget;
			buildConfigurationList = 8A447ADF1CAA24C4005D1396 /* Build configuration list for PBXNativeTarget "01qq登陆Tests" */;
			buildPhases = (
				8A447AC41CAA24C4005D1396 /* Sources */,
				8A447AC51CAA24C4005D1396 /* Frameworks */,
				8A447AC61CAA24C4005D1396 /* Resources */,
			);
			buildRules = (
			);
			dependencies = (
				8A447ACA1CAA24C4005D1396 /* PBXTargetDependency */,
			);
			name = "01qq登陆Tests";
			productName = "01qq登陆Tests";
			productReference = 8A447AC81CAA24C4005D1396 /* 01qq登陆Tests.xctest */;
			productType = "com.apple.product-type.bundle.unit-test";
		};
		8A447AD21CAA24C4005D1396 /* 01qq登陆UITests */ = {
			isa = PBXNativeTarget;
			buildConfigurationList = 8A447AE21CAA24C4005D1396 /* Build configuration list for PBXNativeTarget "01qq登陆UITests" */;
			buildPhases = (
				8A447ACF1CAA24C4005D1396 /* Sources */,
				8A447AD01CAA24C4005D1396 /* Frameworks */,
				8A447AD11CAA24C4005D1396 /* Resources */,
			);
			buildRules = (
			);
			dependencies = (
				8A447AD51CAA24C4005D1396 /* PBXTargetDependency */,
			);
			name = "01qq登陆UITests";
			productName = "01qq登陆UITests";
			productReference = 8A447AD31CAA24C4005D1396 /* 01qq登陆UITests.xctest */;
			productType = "com.apple.product-type.bundle.ui-testing";
		};
/* End PBXNativeTarget section */

/* Begin PBXProject section */
		8A447AA71CAA24C4005D1396 /* Project object */ = {
			isa = PBXProject;
			attributes = {
				LastUpgradeCheck = 0710;
				ORGANIZATIONNAME = lzj;
				TargetAttributes = {
					8A447AAE1CAA24C4005D1396 = {
						CreatedOnToolsVersion = 7.1;
					};
					8A447AC71CAA24C4005D1396 = {
						CreatedOnToolsVersion = 7.1;
						TestTargetID = 8A447AAE1CAA24C4005D1396;
					};
					8A447AD21CAA24C4005D1396 = {
						CreatedOnToolsVersion = 7.1;
						TestTargetID = 8A447AAE1CAA24C4005D1396;
					};
				};
			};
			buildConfigurationList = 8A447AAA1CAA24C4005D1396 /* Build configuration list for PBXProject "01qq登陆" */;
			compatibilityVersion = "Xcode 3.2";
			developmentRegion = English;
			hasScannedForEncodings = 0;
			knownRegions = (
				en,
				Base,
			);
			mainGroup = 8A447AA61CAA24C4005D1396;
			productRefGroup = 8A447AB01CAA24C4005D1396 /* Products */;
			projectDirPath = "";
			projectRoot = "";
			targets = (
				8A447AAE1CAA24C4005D1396 /* 01qq登陆 */,
				8A447AC71CAA24C4005D1396 /* 01qq登陆Tests */,
				8A447AD21CAA24C4005D1396 /* 01qq登陆UITests */,
			);
		};
/* End PBXProject section */

/* Begin PBXResourcesBuildPhase section */
		8A447AAD1CAA24C4005D1396 /* Resources */ = {
			isa = PBXResourcesBuildPhase;
			buildActionMask = 2147483647;
			files = (
				8A447AC21CAA24C4005D1396 /* LaunchScreen.storyboard in Resources */,
				8A447ABF1CAA24C4005D1396 /* Assets.xcassets in Resources */,
				8A447ABD1CAA24C4005D1396 /* Main.storyboard in Resources */,
			);
			runOnlyForDeploymentPostprocessing = 0;
		};
		8A447AC61CAA24C4005D1396 /* Resources */ = {
			isa = PBXResourcesBuildPhase;
			buildActionMask = 2147483647;
			files = (
			);
			runOnlyForDeploymentPostprocessing = 0;
		};
		8A447AD11CAA24C4005D1396 /* Resources */ = {
			isa = PBXResourcesBuildPhase;
			buildActionMask = 2147483647;
			files = (
			);
			runOnlyForDeploymentPostprocessing = 0;
		};
/* End PBXResourcesBuildPhase section */

/* Begin PBXSourcesBuildPhase section */
		8A447AAB1CAA24C4005D1396 /* Sources */ = {
			isa = PBXSourcesBuildPhase;
			buildActionMask = 2147483647;
			files = (
				8A447ABA1CAA24C4005D1396 /* ViewController.m in Sources */,
				8A447AB71CAA24C4005D1396 /* AppDelegate.m in Sources */,
				8A447AB41CAA24C4005D1396 /* main.m in Sources */,
			);
			runOnlyForDeploymentPostprocessing = 0;
		};
		8A447AC41CAA24C4005D1396 /* Sources */ = {
			isa = PBXSourcesBuildPhase;
			buildActionMask = 2147483647;
			files = (
				8A447ACD1CAA24C4005D1396 /* _1qq__Tests.m in Sources */,
			);
			runOnlyForDeploymentPostprocessing = 0;
		};
		8A447ACF1CAA24C4005D1396 /* Sources */ = {
			isa = PBXSourcesBuildPhase;
			buildActionMask = 2147483647;
			files = (
				8A447AD81CAA24C4005D1396 /* _1qq__UITests.m in Sources */,
			);
			runOnlyForDeploymentPostprocessing = 0;
		};
/* End PBXSourcesBuildPhase section */

/* Begin PBXTargetDependency section */
		8A447ACA1CAA24C4005D1396 /* PBXTargetDependency */ = {
			isa = PBXTargetDependency;
			target = 8A447AAE1CAA24C4005D1396 /* 01qq登陆 */;
			targetProxy = 8A447AC91CAA24C4005D1396 /* PBXContainerItemProxy */;
		};
		8A447AD51CAA24C4005D1396 /* PBXTargetDependency */ = {
			isa = PBXTargetDependency;
			target = 8A447AAE1CAA24C4005D1396 /* 01qq登陆 */;
			targetProxy = 8A447AD41CAA24C4005D1396 /* PBXContainerItemProxy */;
		};
/* End PBXTargetDependency section */

/* Begin PBXVariantGroup section */
		8A447ABB1CAA24C4005D1396 /* Main.storyboard */ = {
			isa = PBXVariantGroup;
			children = (
				8A447ABC1CAA24C4005D1396 /* Base */,
			);
			name = Main.storyboard;
			sourceTree = "<group>";
		};
		8A447AC01CAA24C4005D1396 /* LaunchScreen.storyboard */ = {
			isa = PBXVariantGroup;
			children = (
				8A447AC11CAA24C4005D1396 /* Base */,
			);
			name = LaunchScreen.storyboard;
			sourceTree = "<group>";
		};
/* End PBXVariantGroup section */

/* Begin XCBuildConfiguration section */
		8A447ADA1CAA24C4005D1396 /* Debug */ = {
			isa = XCBuildConfiguration;
			buildSettings = {
				ALWAYS_SEARCH_USER_PATHS = NO;
				CLANG_CXX_LANGUAGE_STANDARD = "gnu++0x";
				CLANG_CXX_LIBRARY = "libc++";
				CLANG_ENABLE_MODULES = YES;
				CLANG_ENABLE_OBJC_ARC = YES;
				CLANG_WARN_BOOL_CONVERSION = YES;
				CLANG_WARN_CONSTANT_CONVERSION = YES;
				CLANG_WARN_DIRECT_OBJC_ISA_USAGE = YES_ERROR;
				CLANG_WARN_EMPTY_BODY = YES;
				CLANG_WARN_ENUM_CONVERSION = YES;
				CLANG_WARN_INT_CONVERSION = YES;
				CLANG_WARN_OBJC_ROOT_CLASS = YES_ERROR;
				CLANG_WARN_UNREACHABLE_CODE = YES;
				CLANG_WARN__DUPLICATE_METHOD_MATCH = YES;
				"CODE_SIGN_IDENTITY[sdk=iphoneos*]" = "iPhone Developer";
				COPY_PHASE_STRIP = NO;
				DEBUG_INFORMATION_FORMAT = dwarf;
				ENABLE_STRICT_OBJC_MSGSEND = YES;
				ENABLE_TESTABILITY = YES;
				GCC_C_LANGUAGE_STANDARD = gnu99;
				GCC_DYNAMIC_NO_PIC = NO;
				GCC_NO_COMMON_BLOCKS = YES;
				GCC_OPTIMIZATION_LEVEL = 0;
				GCC_PREPROCESSOR_DEFINITIONS = (
					"DEBUG=1",
					"$(inherited)",
				);
				GCC_WARN_64_TO_32_BIT_CONVERSION = YES;
				GCC_WARN_ABOUT_RETURN_TYPE = YES_ERROR;
				GCC_WARN_UNDECLARED_SELECTOR = YES;
				GCC_WARN_UNINITIALIZED_AUTOS = YES_AGGRESSIVE;
				GCC_WARN_UNUSED_FUNCTION = YES;
				GCC_WARN_UNUSED_VARIABLE = YES;
				IPHONEOS_DEPLOYMENT_TARGET = 9.1;
				MTL_ENABLE_DEBUG_INFO = YES;
				ONLY_ACTIVE_ARCH = YES;
				SDKROOT = iphoneos;
				TARGETED_DEVICE_FAMILY = "1,2";
			};
			name = Debug;
		};
		8A447ADB1CAA24C4005D1396 /* Release */ = {
			isa = XCBuildConfiguration;
			buildSettings = {
				ALWAYS_SEARCH_USER_PATHS = NO;
				CLANG_CXX_LANGUAGE_STANDARD = "gnu++0x";
				CLANG_CXX_LIBRARY = "libc++";
				CLANG_ENABLE_MODULES = YES;
				CLANG_ENABLE_OBJC_ARC = YES;
				CLANG_WARN_BOOL_CONVERSION = YES;
				CLANG_WARN_CONSTANT_CONVERSION = YES;
				CLANG_WARN_DIRECT_OBJC_ISA_USAGE = YES_ERROR;
				CLANG_WARN_EMPTY_BODY = YES;
				CLANG_WARN_ENUM_CONVERSION = YES;
				CLANG_WARN_INT_CONVERSION = YES;
				CLANG_WARN_OBJC_ROOT_CLASS = YES_ERROR;
				CLANG_WARN_UNREACHABLE_CODE = YES;
				CLANG_WARN__DUPLICATE_METHOD_MATCH = YES;
				"CODE_SIGN_IDENTITY[sdk=iphoneos*]" = "iPhone Developer";
				COPY_PHASE_STRIP = NO;
				DEBUG_INFORMATION_FORMAT = "dwarf-with-dsym";
				ENABLE_NS_ASSERTIONS = NO;
				ENABLE_STRICT_OBJC_MSGSEND = YES;
				GCC_C_LANGUAGE_STANDARD = gnu99;
				GCC_NO_COMMON_BLOCKS = YES;
				GCC_WARN_64_TO_32_BIT_CONVERSION = YES;
				GCC_WARN_ABOUT_RETURN_TYPE = YES_ERROR;
				GCC_WARN_UNDECLARED_SELECTOR = YES;
				GCC_WARN_UNINITIALIZED_AUTOS = YES_AGGRESSIVE;
				GCC_WARN_UNUSED_FUNCTION = YES;
				GCC_WARN_UNUSED_VARIABLE = YES;
				IPHONEOS_DEPLOYMENT_TARGET = 9.1;
				MTL_ENABLE_DEBUG_INFO = NO;
				SDKROOT = iphoneos;
				TARGETED_DEVICE_FAMILY = "1,2";
				VALIDATE_PRODUCT = YES;
			};
			name = Release;
		};
		8A447ADD1CAA24C4005D1396 /* Debug */ = {
			isa = XCBuildConfiguration;
			buildSettings = {
				ASSETCATALOG_COMPILER_APPICON_NAME = AppIcon;
				INFOPLIST_FILE = "01qq登陆/Info.plist";
				LD_RUNPATH_SEARCH_PATHS = "$(inherited) @executable_path/Frameworks";
				PRODUCT_BUNDLE_IDENTIFIER = "com.lzj.-1qq--";
				PRODUCT_NAME = "$(TARGET_NAME)";
			};
			name = Debug;
		};
		8A447ADE1CAA24C4005D1396 /* Release */ = {
			isa = XCBuildConfiguration;
			buildSettings = {
				ASSETCATALOG_COMPILER_APPICON_NAME = AppIcon;
				INFOPLIST_FILE = "01qq登陆/Info.plist";
				LD_RUNPATH_SEARCH_PATHS = "$(inherited) @executable_path/Frameworks";
				PRODUCT_BUNDLE_IDENTIFIER = "com.lzj.-1qq--";
				PRODUCT_NAME = "$(TARGET_NAME)";
			};
			name = Release;
		};
		8A447AE01CAA24C4005D1396 /* Debug */ = {
			isa = XCBuildConfiguration;
			buildSettings = {
				BUNDLE_LOADER = "$(TEST_HOST)";
				INFOPLIST_FILE = "01qq登陆Tests/Info.plist";
				LD_RUNPATH_SEARCH_PATHS = "$(inherited) @executable_path/Frameworks @loader_path/Frameworks";
				PRODUCT_BUNDLE_IDENTIFIER = "com.lzj.-1qq--Tests";
				PRODUCT_NAME = "$(TARGET_NAME)";
				TEST_HOST = "$(BUILT_PRODUCTS_DIR)/01qq登陆.app/01qq登陆";
			};
			name = Debug;
		};
		8A447AE11CAA24C4005D1396 /* Release */ = {
			isa = XCBuildConfiguration;
			buildSettings = {
				BUNDLE_LOADER = "$(TEST_HOST)";
				INFOPLIST_FILE = "01qq登陆Tests/Info.plist";
				LD_RUNPATH_SEARCH_PATHS = "$(inherited) @executable_path/Frameworks @loader_path/Frameworks";
				PRODUCT_BUNDLE_IDENTIFIER = "com.lzj.-1qq--Tests";
				PRODUCT_NAME = "$(TARGET_NAME)";
				TEST_HOST = "$(BUILT_PRODUCTS_DIR)/01qq登陆.app/01qq登陆";
			};
			name = Release;
		};
		8A447AE31CAA24C4005D1396 /* Debug */ = {
			isa = XCBuildConfiguration;
			buildSettings = {
				INFOPLIST_FILE = "01qq登陆UITests/Info.plist";
				LD_RUNPATH_SEARCH_PATHS = "$(inherited) @executable_path/Frameworks @loader_path/Frameworks";
				PRODUCT_BUNDLE_IDENTIFIER = "com.lzj.-1qq--UITests";
				PRODUCT_NAME = "$(TARGET_NAME)";
				TEST_TARGET_NAME = "01qq登陆";
				USES_XCTRUNNER = YES;
			};
			name = Debug;
		};
		8A447AE41CAA24C4005D1396 /* Release */ = {
			isa = XCBuildConfiguration;
			buildSettings = {
				INFOPLIST_FILE = "01qq登陆UITests/Info.plist";
				LD_RUNPATH_SEARCH_PATHS = "$(inherited) @executable_path/Frameworks @loader_path/Frameworks";
				PRODUCT_BUNDLE_IDENTIFIER = "com.lzj.-1qq--UITests";
				PRODUCT_NAME = "$(TARGET_NAME)";
				TEST_TARGET_NAME = "01qq登陆";
				USES_XCTRUNNER = YES;
			};
			name = Release;
		};
/* End XCBuildConfiguration section */

/* Begin XCConfigurationList section */
		8A447AAA1CAA24C4005D1396 /* Build configuration list for PBXProject "01qq登陆" */ = {
			isa = XCConfigurationList;
			buildConfigurations = (
				8A447ADA1CAA24C4005D1396 /* Debug */,
				8A447ADB1CAA24C4005D1396 /* Release */,
			);
			defaultConfigurationIsVisible = 0;
			defaultConfigurationName = Release;
		};
		8A447ADC1CAA24C4005D1396 /* Build configuration list for PBXNativeTarget "01qq登陆" */ = {
			isa = XCConfigurationList;
			buildConfigurations = (
				8A447ADD1CAA24C4005D1396 /* Debug */,
				8A447ADE1CAA24C4005D1396 /* Release */,
			);
			defaultConfigurationIsVisible = 0;
			defaultConfigurationName = Release;
		};
		8A447ADF1CAA24C4005D1396 /* Build configuration list for PBXNativeTarget "01qq登陆Tests" */ = {
			isa = XCConfigurationList;
			buildConfigurations = (
				8A447AE01CAA24C4005D1396 /* Debug */,
				8A447AE11CAA24C4005D1396 /* Release */,
			);
			defaultConfigurationIsVisible = 0;
			defaultConfigurationName = Release;
		};
		8A447AE21CAA24C4005D1396 /* Build configuration list for PBXNativeTarget "01qq登陆UITests" */ = {
			isa = XCConfigurationList;
			buildConfigurations = (
				8A447AE31CAA24C4005D1396 /* Debug */,
				8A447AE41CAA24C4005D1396 /* Release */,
			);
			defaultConfigurationIsVisible = 0;
			defaultConfigurationName = Release;
		};
/* End XCConfigurationList section */
	};
	rootObject = 8A447AA71CAA24C4005D1396 /* Project object */;
}
